// !$*UTF8*$!
{
	archiveVersion = 1;
	classes = {
	};
	objectVersion = 56;
	objects = {

/* Begin PBXBuildFile section */
		5A0E52EC2A3085AA003BA8E9 /* ScaleView.swift in Sources */ = {isa = PBXBuildFile; fileRef = 5A0E52EB2A3085AA003BA8E9 /* ScaleView.swift */; };
		5A0E52EF2A308B86003BA8E9 /* CameraPreview.swift in Sources */ = {isa = PBXBuildFile; fileRef = 5A0E52EE2A308B86003BA8E9 /* CameraPreview.swift */; };
		5A0E52F12A30AD6C003BA8E9 /* VideoEditor.swift in Sources */ = {isa = PBXBuildFile; fileRef = 5A0E52F02A30AD6C003BA8E9 /* VideoEditor.swift */; };
		5A23A2A72A4AE2D9009C9462 /* VideoFeedCreatorView.swift in Sources */ = {isa = PBXBuildFile; fileRef = 5A23A2A62A4AE2D9009C9462 /* VideoFeedCreatorView.swift */; };
		5A23A2AA2A4B1240009C9462 /* MainVideoFeedViewModel.swift in Sources */ = {isa = PBXBuildFile; fileRef = 5A23A2A92A4B1240009C9462 /* MainVideoFeedViewModel.swift */; };
		5A23A2AD2A4B3DBC009C9462 /* VideoPlayer in Frameworks */ = {isa = PBXBuildFile; productRef = 5A23A2AC2A4B3DBC009C9462 /* VideoPlayer */; };
		5A2800002A17C3F10068D3FD /* NukeUI in Frameworks */ = {isa = PBXBuildFile; productRef = 5A28FFFF2A17C3F10068D3FD /* NukeUI */; };
		5A28FFD12A17A9040068D3FD /* ZingoApp.swift in Sources */ = {isa = PBXBuildFile; fileRef = 5A28FFD02A17A9040068D3FD /* ZingoApp.swift */; };
		5A28FFD32A17A9040068D3FD /* ContentView.swift in Sources */ = {isa = PBXBuildFile; fileRef = 5A28FFD22A17A9040068D3FD /* ContentView.swift */; };
		5A28FFD52A17A9060068D3FD /* Assets.xcassets in Resources */ = {isa = PBXBuildFile; fileRef = 5A28FFD42A17A9060068D3FD /* Assets.xcassets */; };
		5A28FFD82A17A9060068D3FD /* Preview Assets.xcassets in Resources */ = {isa = PBXBuildFile; fileRef = 5A28FFD72A17A9060068D3FD /* Preview Assets.xcassets */; };
		5A28FFEE2A17AC570068D3FD /* TabViewContainer.swift in Sources */ = {isa = PBXBuildFile; fileRef = 5A28FFED2A17AC570068D3FD /* TabViewContainer.swift */; };
		5A28FFF12A17ADFA0068D3FD /* Router.swift in Sources */ = {isa = PBXBuildFile; fileRef = 5A28FFF02A17ADFA0068D3FD /* Router.swift */; };
		5A28FFF32A17B2BE0068D3FD /* Color.swift in Sources */ = {isa = PBXBuildFile; fileRef = 5A28FFF22A17B2BE0068D3FD /* Color.swift */; };
		5A28FFF52A17B7A00068D3FD /* View.swift in Sources */ = {isa = PBXBuildFile; fileRef = 5A28FFF42A17B7A00068D3FD /* View.swift */; };
		5A28FFF82A17BD660068D3FD /* PrimaryButtonView.swift in Sources */ = {isa = PBXBuildFile; fileRef = 5A28FFF72A17BD660068D3FD /* PrimaryButtonView.swift */; };
		5A28FFFA2A17C3100068D3FD /* CurrentUserProfileView.swift in Sources */ = {isa = PBXBuildFile; fileRef = 5A28FFF92A17C3100068D3FD /* CurrentUserProfileView.swift */; };
		5A28FFFD2A17C3910068D3FD /* LazyNukeImage.swift in Sources */ = {isa = PBXBuildFile; fileRef = 5A28FFFC2A17C3910068D3FD /* LazyNukeImage.swift */; };
		5A31F4B12A5EB2E5000E1EB9 /* VideoRender in Frameworks */ = {isa = PBXBuildFile; productRef = 5A31F4B02A5EB2E5000E1EB9 /* VideoRender */; };
		5A31F4B42A5EE811000E1EB9 /* UploaderView.swift in Sources */ = {isa = PBXBuildFile; fileRef = 5A31F4B32A5EE811000E1EB9 /* UploaderView.swift */; };
		5A398EE92A3E4D22003FE261 /* AVAsset.swift in Sources */ = {isa = PBXBuildFile; fileRef = 5A398EE82A3E4D22003FE261 /* AVAsset.swift */; };
		5A398EEB2A3E5120003FE261 /* DraftVideo.swift in Sources */ = {isa = PBXBuildFile; fileRef = 5A398EEA2A3E5120003FE261 /* DraftVideo.swift */; };
		5A3B9C752A2735260080F9DA /* StoryService.swift in Sources */ = {isa = PBXBuildFile; fileRef = 5A3B9C742A2735260080F9DA /* StoryService.swift */; };
		5A3B9C772A27381E0080F9DA /* StoriesListViewModel.swift in Sources */ = {isa = PBXBuildFile; fileRef = 5A3B9C762A27381E0080F9DA /* StoriesListViewModel.swift */; };
		5A3B9C7A2A2742CD0080F9DA /* CountTimer.swift in Sources */ = {isa = PBXBuildFile; fileRef = 5A3B9C792A2742CD0080F9DA /* CountTimer.swift */; };
		5A3B9C7C2A2743190080F9DA /* StoryBodyView.swift in Sources */ = {isa = PBXBuildFile; fileRef = 5A3B9C7B2A2743190080F9DA /* StoryBodyView.swift */; };
		5A3B9C7E2A2743C00080F9DA /* StoryLoadingBar.swift in Sources */ = {isa = PBXBuildFile; fileRef = 5A3B9C7D2A2743C00080F9DA /* StoryLoadingBar.swift */; };
		5A3B9C802A2744450080F9DA /* SingleStoryView.swift in Sources */ = {isa = PBXBuildFile; fileRef = 5A3B9C7F2A2744450080F9DA /* SingleStoryView.swift */; };
		5A3B9C822A27468C0080F9DA /* StoryView.swift in Sources */ = {isa = PBXBuildFile; fileRef = 5A3B9C812A27468C0080F9DA /* StoryView.swift */; };
		5A4BAD952A1B5B260009CD12 /* IconButton.swift in Sources */ = {isa = PBXBuildFile; fileRef = 5A4BAD942A1B5B260009CD12 /* IconButton.swift */; };
		5A4BAD972A1B5BE70009CD12 /* Image.swift in Sources */ = {isa = PBXBuildFile; fileRef = 5A4BAD962A1B5BE70009CD12 /* Image.swift */; };
		5A4BAD9A2A1B5DA60009CD12 /* Icon.swift in Sources */ = {isa = PBXBuildFile; fileRef = 5A4BAD992A1B5DA60009CD12 /* Icon.swift */; };
		5A4BAD9C2A1B623A0009CD12 /* FeedView.swift in Sources */ = {isa = PBXBuildFile; fileRef = 5A4BAD9B2A1B623A0009CD12 /* FeedView.swift */; };
		5A4BAD9E2A1B62C50009CD12 /* PostView.swift in Sources */ = {isa = PBXBuildFile; fileRef = 5A4BAD9D2A1B62C50009CD12 /* PostView.swift */; };
		5A4BADA12A1B6FB80009CD12 /* TextFieldView.swift in Sources */ = {isa = PBXBuildFile; fileRef = 5A4BADA02A1B6FB80009CD12 /* TextFieldView.swift */; };
		5A4BADA32A1B745F0009CD12 /* LoginView.swift in Sources */ = {isa = PBXBuildFile; fileRef = 5A4BADA22A1B745F0009CD12 /* LoginView.swift */; };
		5A4BADA52A1B75420009CD12 /* AuthenticationViewModel.swift in Sources */ = {isa = PBXBuildFile; fileRef = 5A4BADA42A1B75420009CD12 /* AuthenticationViewModel.swift */; };
		5A4BADAA2A1B7A5E0009CD12 /* User.swift in Sources */ = {isa = PBXBuildFile; fileRef = 5A4BADA92A1B7A5E0009CD12 /* User.swift */; };
		5A4BADAC2A1B7CBB0009CD12 /* Post.swift in Sources */ = {isa = PBXBuildFile; fileRef = 5A4BADAB2A1B7CBB0009CD12 /* Post.swift */; };
		5A4BADAE2A1B81340009CD12 /* Date.swift in Sources */ = {isa = PBXBuildFile; fileRef = 5A4BADAD2A1B81340009CD12 /* Date.swift */; };
		5A4BADB02A1B86A70009CD12 /* PostEditorView.swift in Sources */ = {isa = PBXBuildFile; fileRef = 5A4BADAF2A1B86A70009CD12 /* PostEditorView.swift */; };
		5A4BADB22A1B88AB0009CD12 /* GoogleService-Info.plist in Resources */ = {isa = PBXBuildFile; fileRef = 5A4BADB12A1B88AB0009CD12 /* GoogleService-Info.plist */; };
		5A4BADB52A1B893C0009CD12 /* FirebaseAuth in Frameworks */ = {isa = PBXBuildFile; productRef = 5A4BADB42A1B893C0009CD12 /* FirebaseAuth */; };
		5A4BADB72A1B893C0009CD12 /* FirebaseFirestore in Frameworks */ = {isa = PBXBuildFile; productRef = 5A4BADB62A1B893C0009CD12 /* FirebaseFirestore */; };
		5A4BADB92A1B893C0009CD12 /* FirebaseFirestoreSwift in Frameworks */ = {isa = PBXBuildFile; productRef = 5A4BADB82A1B893C0009CD12 /* FirebaseFirestoreSwift */; };
		5A4BADBB2A1B893C0009CD12 /* FirebaseStorage in Frameworks */ = {isa = PBXBuildFile; productRef = 5A4BADBA2A1B893C0009CD12 /* FirebaseStorage */; };
		5A4BADBD2A1B89630009CD12 /* AppDelegate.swift in Sources */ = {isa = PBXBuildFile; fileRef = 5A4BADBC2A1B89630009CD12 /* AppDelegate.swift */; };
		5A4BADC02A1B8B6F0009CD12 /* AuthenticationManager.swift in Sources */ = {isa = PBXBuildFile; fileRef = 5A4BADBF2A1B8B6F0009CD12 /* AuthenticationManager.swift */; };
		5A4BADC22A1B8BE00009CD12 /* UserService.swift in Sources */ = {isa = PBXBuildFile; fileRef = 5A4BADC12A1B8BE00009CD12 /* UserService.swift */; };
		5A4BADC42A1B915A0009CD12 /* AppError.swift in Sources */ = {isa = PBXBuildFile; fileRef = 5A4BADC32A1B915A0009CD12 /* AppError.swift */; };
		5A4BADC62A1B98B70009CD12 /* CancelBag.swift in Sources */ = {isa = PBXBuildFile; fileRef = 5A4BADC52A1B98B70009CD12 /* CancelBag.swift */; };
		5A4BADC82A1B99630009CD12 /* Tab.swift in Sources */ = {isa = PBXBuildFile; fileRef = 5A4BADC72A1B99630009CD12 /* Tab.swift */; };
		5A4BADCA2A1B9EEB0009CD12 /* String.swift in Sources */ = {isa = PBXBuildFile; fileRef = 5A4BADC92A1B9EEB0009CD12 /* String.swift */; };
		5A4BADCE2A1BA3ED0009CD12 /* CreateUserFlowView.swift in Sources */ = {isa = PBXBuildFile; fileRef = 5A4BADCD2A1BA3EC0009CD12 /* CreateUserFlowView.swift */; };
		5A4BADD02A1BAAA00009CD12 /* ErrorHandler.swift in Sources */ = {isa = PBXBuildFile; fileRef = 5A4BADCF2A1BAAA00009CD12 /* ErrorHandler.swift */; };
		5A4BADD22A1BB1E70009CD12 /* Query.swift in Sources */ = {isa = PBXBuildFile; fileRef = 5A4BADD12A1BB1E70009CD12 /* Query.swift */; };
		5A4BADD42A1BB6400009CD12 /* UserAvatarView.swift in Sources */ = {isa = PBXBuildFile; fileRef = 5A4BADD32A1BB6400009CD12 /* UserAvatarView.swift */; };
		5A4BADD62A1BBBB20009CD12 /* ImagePicker.swift in Sources */ = {isa = PBXBuildFile; fileRef = 5A4BADD52A1BBBB20009CD12 /* ImagePicker.swift */; };
		5A4BADDB2A1BBE090009CD12 /* ProfileContentViewComponent.swift in Sources */ = {isa = PBXBuildFile; fileRef = 5A4BADDA2A1BBE090009CD12 /* ProfileContentViewComponent.swift */; };
		5A4BADDD2A1BC1A00009CD12 /* UserProfile.swift in Sources */ = {isa = PBXBuildFile; fileRef = 5A4BADDC2A1BC1A00009CD12 /* UserProfile.swift */; };
		5A4BADDF2A1BC54C0009CD12 /* CreatePostViewModel.swift in Sources */ = {isa = PBXBuildFile; fileRef = 5A4BADDE2A1BC54C0009CD12 /* CreatePostViewModel.swift */; };
		5A4BADE32A1CAAFB0009CD12 /* StorageManager.swift in Sources */ = {isa = PBXBuildFile; fileRef = 5A4BADE22A1CAAFB0009CD12 /* StorageManager.swift */; };
		5A4BADE52A1CCDB60009CD12 /* GrowingTextInputView.swift in Sources */ = {isa = PBXBuildFile; fileRef = 5A4BADE42A1CCDB60009CD12 /* GrowingTextInputView.swift */; };
		5A4BADE72A1CDA820009CD12 /* PostService.swift in Sources */ = {isa = PBXBuildFile; fileRef = 5A4BADE62A1CDA820009CD12 /* PostService.swift */; };
		5A4BADEA2A1CE77B0009CD12 /* PopupView.swift in Sources */ = {isa = PBXBuildFile; fileRef = 5A4BADE92A1CE77B0009CD12 /* PopupView.swift */; };
		5A4BADEC2A1CEB190009CD12 /* NotificationCenter.swift in Sources */ = {isa = PBXBuildFile; fileRef = 5A4BADEB2A1CEB190009CD12 /* NotificationCenter.swift */; };
		5A4BADEE2A1CEE570009CD12 /* FeedViewModel.swift in Sources */ = {isa = PBXBuildFile; fileRef = 5A4BADED2A1CEE570009CD12 /* FeedViewModel.swift */; };
		5A4BADF12A1CF6370009CD12 /* CurrentUserManager.swift in Sources */ = {isa = PBXBuildFile; fileRef = 5A4BADF02A1CF6370009CD12 /* CurrentUserManager.swift */; };
		5A4BADF32A1CF64A0009CD12 /* UserViewModel.swift in Sources */ = {isa = PBXBuildFile; fileRef = 5A4BADF22A1CF64A0009CD12 /* UserViewModel.swift */; };
		5A4BADF52A1CF97D0009CD12 /* AppRoute+View.swift in Sources */ = {isa = PBXBuildFile; fileRef = 5A4BADF42A1CF97D0009CD12 /* AppRoute+View.swift */; };
		5A4BADF72A1CFEB60009CD12 /* UINavigationController.swift in Sources */ = {isa = PBXBuildFile; fileRef = 5A4BADF62A1CFEB60009CD12 /* UINavigationController.swift */; };
		5A5B573E2A2E144F0042A072 /* VideoFeedView.swift in Sources */ = {isa = PBXBuildFile; fileRef = 5A5B573D2A2E144F0042A072 /* VideoFeedView.swift */; };
		5A5B57412A2E154F0042A072 /* CameraView.swift in Sources */ = {isa = PBXBuildFile; fileRef = 5A5B57402A2E154F0042A072 /* CameraView.swift */; };
		5A5B57472A2E27270042A072 /* CircleProgressBar.swift in Sources */ = {isa = PBXBuildFile; fileRef = 5A5B57462A2E27270042A072 /* CircleProgressBar.swift */; };
		5A5B574A2A2E27540042A072 /* RecordButton.swift in Sources */ = {isa = PBXBuildFile; fileRef = 5A5B57492A2E27540042A072 /* RecordButton.swift */; };
		5A5B574F2A2F31D70042A072 /* PlayerEditorView.swift in Sources */ = {isa = PBXBuildFile; fileRef = 5A5B574E2A2F31D70042A072 /* PlayerEditorView.swift */; };
		5A5B57522A2F32E50042A072 /* CameraManger.swift in Sources */ = {isa = PBXBuildFile; fileRef = 5A5B57512A2F32E50042A072 /* CameraManger.swift */; };
		5A5B57562A2F35E30042A072 /* FileManager.swift in Sources */ = {isa = PBXBuildFile; fileRef = 5A5B57552A2F35E30042A072 /* FileManager.swift */; };
		5A5B57582A2F405B0042A072 /* VideoPlayerManger.swift in Sources */ = {isa = PBXBuildFile; fileRef = 5A5B57572A2F405B0042A072 /* VideoPlayerManger.swift */; };
		5A5B575A2A2F40B30042A072 /* PlayerRepresentable.swift in Sources */ = {isa = PBXBuildFile; fileRef = 5A5B57592A2F40B30042A072 /* PlayerRepresentable.swift */; };
		5A5B575C2A2F42E20042A072 /* AVAudioSession.swift in Sources */ = {isa = PBXBuildFile; fileRef = 5A5B575B2A2F42E20042A072 /* AVAudioSession.swift */; };
		5A5B57632A2F8B5F0042A072 /* CameraRepresentable.swift in Sources */ = {isa = PBXBuildFile; fileRef = 5A5B57622A2F8B5F0042A072 /* CameraRepresentable.swift */; };
		5A74181F2A24955E004EBDDD /* ProfileContentViewModel.swift in Sources */ = {isa = PBXBuildFile; fileRef = 5A74181E2A24955E004EBDDD /* ProfileContentViewModel.swift */; };
		5A7418232A24B23B004EBDDD /* PostsListView.swift in Sources */ = {isa = PBXBuildFile; fileRef = 5A7418222A24B23B004EBDDD /* PostsListView.swift */; };
		5A7418262A2501DE004EBDDD /* EditProfileView.swift in Sources */ = {isa = PBXBuildFile; fileRef = 5A7418252A2501DE004EBDDD /* EditProfileView.swift */; };
		5A7418282A25EB4A004EBDDD /* EditProfileViewModel.swift in Sources */ = {isa = PBXBuildFile; fileRef = 5A7418272A25EB4A004EBDDD /* EditProfileViewModel.swift */; };
		5A74182A2A260023004EBDDD /* EditUserInfoView.swift in Sources */ = {isa = PBXBuildFile; fileRef = 5A7418292A260023004EBDDD /* EditUserInfoView.swift */; };
		5A74182C2A263810004EBDDD /* Story.swift in Sources */ = {isa = PBXBuildFile; fileRef = 5A74182B2A263810004EBDDD /* Story.swift */; };
		5A7418322A263E2E004EBDDD /* StoryEditorView.swift in Sources */ = {isa = PBXBuildFile; fileRef = 5A7418312A263E2E004EBDDD /* StoryEditorView.swift */; };
		5A7418342A263E3D004EBDDD /* StoryEditorViewModel.swift in Sources */ = {isa = PBXBuildFile; fileRef = 5A7418332A263E3D004EBDDD /* StoryEditorViewModel.swift */; };
		5A7418372A264DAA004EBDDD /* StoriesListView.swift in Sources */ = {isa = PBXBuildFile; fileRef = 5A7418362A264DAA004EBDDD /* StoriesListView.swift */; };
		5A80C4432A1E11FE00C42FC0 /* PostViewModel.swift in Sources */ = {isa = PBXBuildFile; fileRef = 5A80C4422A1E11FE00C42FC0 /* PostViewModel.swift */; };
		5A80C4462A1E1F4D00C42FC0 /* ImageSliderView.swift in Sources */ = {isa = PBXBuildFile; fileRef = 5A80C4452A1E1F4D00C42FC0 /* ImageSliderView.swift */; };
		5A80C4492A1E334500C42FC0 /* PostCommentView.swift in Sources */ = {isa = PBXBuildFile; fileRef = 5A80C4482A1E334500C42FC0 /* PostCommentView.swift */; };
		5A80C44B2A1E33D900C42FC0 /* Comment.swift in Sources */ = {isa = PBXBuildFile; fileRef = 5A80C44A2A1E33D900C42FC0 /* Comment.swift */; };
		5A80C44D2A1E463100C42FC0 /* CommentsService.swift in Sources */ = {isa = PBXBuildFile; fileRef = 5A80C44C2A1E463100C42FC0 /* CommentsService.swift */; };
		5A80C44F2A1E48AC00C42FC0 /* CommentViewModel.swift in Sources */ = {isa = PBXBuildFile; fileRef = 5A80C44E2A1E48AC00C42FC0 /* CommentViewModel.swift */; };
		5A80C4522A1E557B00C42FC0 /* PullToRefreshView.swift in Sources */ = {isa = PBXBuildFile; fileRef = 5A80C4512A1E557B00C42FC0 /* PullToRefreshView.swift */; };
		5A80C4582A1E5DE500C42FC0 /* ChatView.swift in Sources */ = {isa = PBXBuildFile; fileRef = 5A80C4572A1E5DE500C42FC0 /* ChatView.swift */; };
		5A80C45A2A1E5FE400C42FC0 /* Chat.swift in Sources */ = {isa = PBXBuildFile; fileRef = 5A80C4592A1E5FE400C42FC0 /* Chat.swift */; };
		5A80C45C2A1E6A2B00C42FC0 /* ChatServices.swift in Sources */ = {isa = PBXBuildFile; fileRef = 5A80C45B2A1E6A2B00C42FC0 /* ChatServices.swift */; };
		5A80C45F2A1F509D00C42FC0 /* MessageService.swift in Sources */ = {isa = PBXBuildFile; fileRef = 5A80C45E2A1F509D00C42FC0 /* MessageService.swift */; };
		5A80C4612A1F572A00C42FC0 /* Message.swift in Sources */ = {isa = PBXBuildFile; fileRef = 5A80C4602A1F572A00C42FC0 /* Message.swift */; };
		5A80C4632A1F5D5600C42FC0 /* ChatViewModel.swift in Sources */ = {isa = PBXBuildFile; fileRef = 5A80C4622A1F5D5600C42FC0 /* ChatViewModel.swift */; };
		5A80C4652A1F6B6000C42FC0 /* DialogView.swift in Sources */ = {isa = PBXBuildFile; fileRef = 5A80C4642A1F6B6000C42FC0 /* DialogView.swift */; };
		5A80C4672A1F6B7700C42FC0 /* DialogViewModel.swift in Sources */ = {isa = PBXBuildFile; fileRef = 5A80C4662A1F6B7700C42FC0 /* DialogViewModel.swift */; };
		5A80C4692A1FA9FD00C42FC0 /* MessageBubbleView.swift in Sources */ = {isa = PBXBuildFile; fileRef = 5A80C4682A1FA9FD00C42FC0 /* MessageBubbleView.swift */; };
		5A80C46C2A20A3FC00C42FC0 /* Algorithms in Frameworks */ = {isa = PBXBuildFile; productRef = 5A80C46B2A20A3FC00C42FC0 /* Algorithms */; };
		5A80C46F2A20FE5600C42FC0 /* SwipeView.swift in Sources */ = {isa = PBXBuildFile; fileRef = 5A80C46E2A20FE5600C42FC0 /* SwipeView.swift */; };
		5A8A675D2A602C8F001942BD /* RangeSlider.swift in Sources */ = {isa = PBXBuildFile; fileRef = 5A8A675C2A602C8F001942BD /* RangeSlider.swift */; };
		5A8A675F2A602CBC001942BD /* CustomSlider.swift in Sources */ = {isa = PBXBuildFile; fileRef = 5A8A675E2A602CBC001942BD /* CustomSlider.swift */; };
		5A8A67612A602CE4001942BD /* VideoTrimBarSlider.swift in Sources */ = {isa = PBXBuildFile; fileRef = 5A8A67602A602CE4001942BD /* VideoTrimBarSlider.swift */; };
		5AA2FF3D2A49CA250005D8D2 /* FeedVideoCellView.swift in Sources */ = {isa = PBXBuildFile; fileRef = 5AA2FF3C2A49CA250005D8D2 /* FeedVideoCellView.swift */; };
		5AA2FF3F2A49D5B20005D8D2 /* FeedVideo.swift in Sources */ = {isa = PBXBuildFile; fileRef = 5AA2FF3E2A49D5B20005D8D2 /* FeedVideo.swift */; };
		5AA2FF412A49D6600005D8D2 /* FeedVideoService.swift in Sources */ = {isa = PBXBuildFile; fileRef = 5AA2FF402A49D6600005D8D2 /* FeedVideoService.swift */; };
		5AA2FF442A49DDB30005D8D2 /* VideoUploaderManager.swift in Sources */ = {isa = PBXBuildFile; fileRef = 5AA2FF432A49DDB30005D8D2 /* VideoUploaderManager.swift */; };
		5ABC9DC12A6139BE00637BAB /* VideoEditorPreview.swift in Sources */ = {isa = PBXBuildFile; fileRef = 5ABC9DC02A6139BE00637BAB /* VideoEditorPreview.swift */; };
		5ABC9DC32A6142A700637BAB /* VideoItem.swift in Sources */ = {isa = PBXBuildFile; fileRef = 5ABC9DC22A6142A700637BAB /* VideoItem.swift */; };
		5AC5CD442A3077AC00E901A2 /* Double.swift in Sources */ = {isa = PBXBuildFile; fileRef = 5AC5CD432A3077AC00E901A2 /* Double.swift */; };
		5ADD382F2A580F0100383B33 /* FbConstants.swift in Sources */ = {isa = PBXBuildFile; fileRef = 5ADD382E2A580F0100383B33 /* FbConstants.swift */; };
		5ADD38312A58123400383B33 /* FBListenerResult.swift in Sources */ = {isa = PBXBuildFile; fileRef = 5ADD38302A58123400383B33 /* FBListenerResult.swift */; };
		5AFB55C22A2891A600242F02 /* FollowingsFollowersView.swift in Sources */ = {isa = PBXBuildFile; fileRef = 5AFB55C12A2891A600242F02 /* FollowingsFollowersView.swift */; };
		5AFB55C42A289BB600242F02 /* FollowingsFollowersViewModel.swift in Sources */ = {isa = PBXBuildFile; fileRef = 5AFB55C32A289BB600242F02 /* FollowingsFollowersViewModel.swift */; };
/* End PBXBuildFile section */

/* Begin PBXFileReference section */
		5A0E52EB2A3085AA003BA8E9 /* ScaleView.swift */ = {isa = PBXFileReference; lastKnownFileType = sourcecode.swift; path = ScaleView.swift; sourceTree = "<group>"; };
		5A0E52EE2A308B86003BA8E9 /* CameraPreview.swift */ = {isa = PBXFileReference; lastKnownFileType = sourcecode.swift; path = CameraPreview.swift; sourceTree = "<group>"; };
		5A0E52F02A30AD6C003BA8E9 /* VideoEditor.swift */ = {isa = PBXFileReference; lastKnownFileType = sourcecode.swift; path = VideoEditor.swift; sourceTree = "<group>"; };
		5A23A2A62A4AE2D9009C9462 /* VideoFeedCreatorView.swift */ = {isa = PBXFileReference; lastKnownFileType = sourcecode.swift; path = VideoFeedCreatorView.swift; sourceTree = "<group>"; };
		5A23A2A92A4B1240009C9462 /* MainVideoFeedViewModel.swift */ = {isa = PBXFileReference; lastKnownFileType = sourcecode.swift; path = MainVideoFeedViewModel.swift; sourceTree = "<group>"; };
		5A28FFCD2A17A9040068D3FD /* Zingo.app */ = {isa = PBXFileReference; explicitFileType = wrapper.application; includeInIndex = 0; path = Zingo.app; sourceTree = BUILT_PRODUCTS_DIR; };
		5A28FFD02A17A9040068D3FD /* ZingoApp.swift */ = {isa = PBXFileReference; lastKnownFileType = sourcecode.swift; path = ZingoApp.swift; sourceTree = "<group>"; };
		5A28FFD22A17A9040068D3FD /* ContentView.swift */ = {isa = PBXFileReference; lastKnownFileType = sourcecode.swift; path = ContentView.swift; sourceTree = "<group>"; };
		5A28FFD42A17A9060068D3FD /* Assets.xcassets */ = {isa = PBXFileReference; lastKnownFileType = folder.assetcatalog; path = Assets.xcassets; sourceTree = "<group>"; };
		5A28FFD72A17A9060068D3FD /* Preview Assets.xcassets */ = {isa = PBXFileReference; lastKnownFileType = folder.assetcatalog; path = "Preview Assets.xcassets"; sourceTree = "<group>"; };
		5A28FFED2A17AC570068D3FD /* TabViewContainer.swift */ = {isa = PBXFileReference; lastKnownFileType = sourcecode.swift; path = TabViewContainer.swift; sourceTree = "<group>"; };
		5A28FFF02A17ADFA0068D3FD /* Router.swift */ = {isa = PBXFileReference; lastKnownFileType = sourcecode.swift; path = Router.swift; sourceTree = "<group>"; };
		5A28FFF22A17B2BE0068D3FD /* Color.swift */ = {isa = PBXFileReference; lastKnownFileType = sourcecode.swift; path = Color.swift; sourceTree = "<group>"; };
		5A28FFF42A17B7A00068D3FD /* View.swift */ = {isa = PBXFileReference; lastKnownFileType = sourcecode.swift; path = View.swift; sourceTree = "<group>"; };
		5A28FFF72A17BD660068D3FD /* PrimaryButtonView.swift */ = {isa = PBXFileReference; lastKnownFileType = sourcecode.swift; path = PrimaryButtonView.swift; sourceTree = "<group>"; };
		5A28FFF92A17C3100068D3FD /* CurrentUserProfileView.swift */ = {isa = PBXFileReference; lastKnownFileType = sourcecode.swift; path = CurrentUserProfileView.swift; sourceTree = "<group>"; };
		5A28FFFC2A17C3910068D3FD /* LazyNukeImage.swift */ = {isa = PBXFileReference; lastKnownFileType = sourcecode.swift; path = LazyNukeImage.swift; sourceTree = "<group>"; };
		5A31F4B32A5EE811000E1EB9 /* UploaderView.swift */ = {isa = PBXFileReference; lastKnownFileType = sourcecode.swift; path = UploaderView.swift; sourceTree = "<group>"; };
		5A398EE82A3E4D22003FE261 /* AVAsset.swift */ = {isa = PBXFileReference; lastKnownFileType = sourcecode.swift; path = AVAsset.swift; sourceTree = "<group>"; };
		5A398EEA2A3E5120003FE261 /* DraftVideo.swift */ = {isa = PBXFileReference; lastKnownFileType = sourcecode.swift; path = DraftVideo.swift; sourceTree = "<group>"; };
		5A3B9C742A2735260080F9DA /* StoryService.swift */ = {isa = PBXFileReference; lastKnownFileType = sourcecode.swift; path = StoryService.swift; sourceTree = "<group>"; };
		5A3B9C762A27381E0080F9DA /* StoriesListViewModel.swift */ = {isa = PBXFileReference; lastKnownFileType = sourcecode.swift; path = StoriesListViewModel.swift; sourceTree = "<group>"; };
		5A3B9C792A2742CD0080F9DA /* CountTimer.swift */ = {isa = PBXFileReference; lastKnownFileType = sourcecode.swift; path = CountTimer.swift; sourceTree = "<group>"; };
		5A3B9C7B2A2743190080F9DA /* StoryBodyView.swift */ = {isa = PBXFileReference; lastKnownFileType = sourcecode.swift; path = StoryBodyView.swift; sourceTree = "<group>"; };
		5A3B9C7D2A2743C00080F9DA /* StoryLoadingBar.swift */ = {isa = PBXFileReference; lastKnownFileType = sourcecode.swift; path = StoryLoadingBar.swift; sourceTree = "<group>"; };
		5A3B9C7F2A2744450080F9DA /* SingleStoryView.swift */ = {isa = PBXFileReference; lastKnownFileType = sourcecode.swift; path = SingleStoryView.swift; sourceTree = "<group>"; };
		5A3B9C812A27468C0080F9DA /* StoryView.swift */ = {isa = PBXFileReference; lastKnownFileType = sourcecode.swift; path = StoryView.swift; sourceTree = "<group>"; };
		5A4BAD942A1B5B260009CD12 /* IconButton.swift */ = {isa = PBXFileReference; lastKnownFileType = sourcecode.swift; path = IconButton.swift; sourceTree = "<group>"; };
		5A4BAD962A1B5BE70009CD12 /* Image.swift */ = {isa = PBXFileReference; lastKnownFileType = sourcecode.swift; path = Image.swift; sourceTree = "<group>"; };
		5A4BAD992A1B5DA60009CD12 /* Icon.swift */ = {isa = PBXFileReference; lastKnownFileType = sourcecode.swift; path = Icon.swift; sourceTree = "<group>"; };
		5A4BAD9B2A1B623A0009CD12 /* FeedView.swift */ = {isa = PBXFileReference; lastKnownFileType = sourcecode.swift; path = FeedView.swift; sourceTree = "<group>"; };
		5A4BAD9D2A1B62C50009CD12 /* PostView.swift */ = {isa = PBXFileReference; lastKnownFileType = sourcecode.swift; path = PostView.swift; sourceTree = "<group>"; };
		5A4BADA02A1B6FB80009CD12 /* TextFieldView.swift */ = {isa = PBXFileReference; lastKnownFileType = sourcecode.swift; path = TextFieldView.swift; sourceTree = "<group>"; };
		5A4BADA22A1B745F0009CD12 /* LoginView.swift */ = {isa = PBXFileReference; lastKnownFileType = sourcecode.swift; path = LoginView.swift; sourceTree = "<group>"; };
		5A4BADA42A1B75420009CD12 /* AuthenticationViewModel.swift */ = {isa = PBXFileReference; lastKnownFileType = sourcecode.swift; path = AuthenticationViewModel.swift; sourceTree = "<group>"; };
		5A4BADA92A1B7A5E0009CD12 /* User.swift */ = {isa = PBXFileReference; lastKnownFileType = sourcecode.swift; path = User.swift; sourceTree = "<group>"; };
		5A4BADAB2A1B7CBB0009CD12 /* Post.swift */ = {isa = PBXFileReference; lastKnownFileType = sourcecode.swift; path = Post.swift; sourceTree = "<group>"; };
		5A4BADAD2A1B81340009CD12 /* Date.swift */ = {isa = PBXFileReference; lastKnownFileType = sourcecode.swift; path = Date.swift; sourceTree = "<group>"; };
		5A4BADAF2A1B86A70009CD12 /* PostEditorView.swift */ = {isa = PBXFileReference; lastKnownFileType = sourcecode.swift; path = PostEditorView.swift; sourceTree = "<group>"; };
		5A4BADB12A1B88AB0009CD12 /* GoogleService-Info.plist */ = {isa = PBXFileReference; fileEncoding = 4; lastKnownFileType = text.plist.xml; path = "GoogleService-Info.plist"; sourceTree = "<group>"; };
		5A4BADBC2A1B89630009CD12 /* AppDelegate.swift */ = {isa = PBXFileReference; lastKnownFileType = sourcecode.swift; path = AppDelegate.swift; sourceTree = "<group>"; };
		5A4BADBF2A1B8B6F0009CD12 /* AuthenticationManager.swift */ = {isa = PBXFileReference; lastKnownFileType = sourcecode.swift; path = AuthenticationManager.swift; sourceTree = "<group>"; };
		5A4BADC12A1B8BE00009CD12 /* UserService.swift */ = {isa = PBXFileReference; lastKnownFileType = sourcecode.swift; path = UserService.swift; sourceTree = "<group>"; };
		5A4BADC32A1B915A0009CD12 /* AppError.swift */ = {isa = PBXFileReference; lastKnownFileType = sourcecode.swift; path = AppError.swift; sourceTree = "<group>"; };
		5A4BADC52A1B98B70009CD12 /* CancelBag.swift */ = {isa = PBXFileReference; lastKnownFileType = sourcecode.swift; path = CancelBag.swift; sourceTree = "<group>"; };
		5A4BADC72A1B99630009CD12 /* Tab.swift */ = {isa = PBXFileReference; lastKnownFileType = sourcecode.swift; path = Tab.swift; sourceTree = "<group>"; };
		5A4BADC92A1B9EEB0009CD12 /* String.swift */ = {isa = PBXFileReference; lastKnownFileType = sourcecode.swift; path = String.swift; sourceTree = "<group>"; };
		5A4BADCD2A1BA3EC0009CD12 /* CreateUserFlowView.swift */ = {isa = PBXFileReference; lastKnownFileType = sourcecode.swift; path = CreateUserFlowView.swift; sourceTree = "<group>"; };
		5A4BADCF2A1BAAA00009CD12 /* ErrorHandler.swift */ = {isa = PBXFileReference; lastKnownFileType = sourcecode.swift; path = ErrorHandler.swift; sourceTree = "<group>"; };
		5A4BADD12A1BB1E70009CD12 /* Query.swift */ = {isa = PBXFileReference; lastKnownFileType = sourcecode.swift; path = Query.swift; sourceTree = "<group>"; };
		5A4BADD32A1BB6400009CD12 /* UserAvatarView.swift */ = {isa = PBXFileReference; lastKnownFileType = sourcecode.swift; path = UserAvatarView.swift; sourceTree = "<group>"; };
		5A4BADD52A1BBBB20009CD12 /* ImagePicker.swift */ = {isa = PBXFileReference; lastKnownFileType = sourcecode.swift; path = ImagePicker.swift; sourceTree = "<group>"; };
		5A4BADDA2A1BBE090009CD12 /* ProfileContentViewComponent.swift */ = {isa = PBXFileReference; lastKnownFileType = sourcecode.swift; path = ProfileContentViewComponent.swift; sourceTree = "<group>"; };
		5A4BADDC2A1BC1A00009CD12 /* UserProfile.swift */ = {isa = PBXFileReference; lastKnownFileType = sourcecode.swift; path = UserProfile.swift; sourceTree = "<group>"; };
		5A4BADDE2A1BC54C0009CD12 /* CreatePostViewModel.swift */ = {isa = PBXFileReference; lastKnownFileType = sourcecode.swift; path = CreatePostViewModel.swift; sourceTree = "<group>"; };
		5A4BADE22A1CAAFB0009CD12 /* StorageManager.swift */ = {isa = PBXFileReference; lastKnownFileType = sourcecode.swift; path = StorageManager.swift; sourceTree = "<group>"; };
		5A4BADE42A1CCDB60009CD12 /* GrowingTextInputView.swift */ = {isa = PBXFileReference; lastKnownFileType = sourcecode.swift; path = GrowingTextInputView.swift; sourceTree = "<group>"; };
		5A4BADE62A1CDA820009CD12 /* PostService.swift */ = {isa = PBXFileReference; lastKnownFileType = sourcecode.swift; path = PostService.swift; sourceTree = "<group>"; };
		5A4BADE92A1CE77B0009CD12 /* PopupView.swift */ = {isa = PBXFileReference; lastKnownFileType = sourcecode.swift; path = PopupView.swift; sourceTree = "<group>"; };
		5A4BADEB2A1CEB190009CD12 /* NotificationCenter.swift */ = {isa = PBXFileReference; lastKnownFileType = sourcecode.swift; path = NotificationCenter.swift; sourceTree = "<group>"; };
		5A4BADED2A1CEE570009CD12 /* FeedViewModel.swift */ = {isa = PBXFileReference; lastKnownFileType = sourcecode.swift; path = FeedViewModel.swift; sourceTree = "<group>"; };
		5A4BADF02A1CF6370009CD12 /* CurrentUserManager.swift */ = {isa = PBXFileReference; lastKnownFileType = sourcecode.swift; path = CurrentUserManager.swift; sourceTree = "<group>"; };
		5A4BADF22A1CF64A0009CD12 /* UserViewModel.swift */ = {isa = PBXFileReference; lastKnownFileType = sourcecode.swift; path = UserViewModel.swift; sourceTree = "<group>"; };
		5A4BADF42A1CF97D0009CD12 /* AppRoute+View.swift */ = {isa = PBXFileReference; lastKnownFileType = sourcecode.swift; path = "AppRoute+View.swift"; sourceTree = "<group>"; };
		5A4BADF62A1CFEB60009CD12 /* UINavigationController.swift */ = {isa = PBXFileReference; lastKnownFileType = sourcecode.swift; path = UINavigationController.swift; sourceTree = "<group>"; };
		5A5B573D2A2E144F0042A072 /* VideoFeedView.swift */ = {isa = PBXFileReference; lastKnownFileType = sourcecode.swift; path = VideoFeedView.swift; sourceTree = "<group>"; };
		5A5B57402A2E154F0042A072 /* CameraView.swift */ = {isa = PBXFileReference; lastKnownFileType = sourcecode.swift; path = CameraView.swift; sourceTree = "<group>"; };
		5A5B57462A2E27270042A072 /* CircleProgressBar.swift */ = {isa = PBXFileReference; lastKnownFileType = sourcecode.swift; path = CircleProgressBar.swift; sourceTree = "<group>"; };
		5A5B57492A2E27540042A072 /* RecordButton.swift */ = {isa = PBXFileReference; lastKnownFileType = sourcecode.swift; path = RecordButton.swift; sourceTree = "<group>"; };
		5A5B574E2A2F31D70042A072 /* PlayerEditorView.swift */ = {isa = PBXFileReference; lastKnownFileType = sourcecode.swift; path = PlayerEditorView.swift; sourceTree = "<group>"; };
		5A5B57512A2F32E50042A072 /* CameraManger.swift */ = {isa = PBXFileReference; lastKnownFileType = sourcecode.swift; path = CameraManger.swift; sourceTree = "<group>"; };
		5A5B57552A2F35E30042A072 /* FileManager.swift */ = {isa = PBXFileReference; lastKnownFileType = sourcecode.swift; path = FileManager.swift; sourceTree = "<group>"; };
		5A5B57572A2F405B0042A072 /* VideoPlayerManger.swift */ = {isa = PBXFileReference; lastKnownFileType = sourcecode.swift; path = VideoPlayerManger.swift; sourceTree = "<group>"; };
		5A5B57592A2F40B30042A072 /* PlayerRepresentable.swift */ = {isa = PBXFileReference; lastKnownFileType = sourcecode.swift; path = PlayerRepresentable.swift; sourceTree = "<group>"; };
		5A5B575B2A2F42E20042A072 /* AVAudioSession.swift */ = {isa = PBXFileReference; lastKnownFileType = sourcecode.swift; path = AVAudioSession.swift; sourceTree = "<group>"; };
		5A5B57622A2F8B5F0042A072 /* CameraRepresentable.swift */ = {isa = PBXFileReference; lastKnownFileType = sourcecode.swift; path = CameraRepresentable.swift; sourceTree = "<group>"; };
		5A74181E2A24955E004EBDDD /* ProfileContentViewModel.swift */ = {isa = PBXFileReference; lastKnownFileType = sourcecode.swift; path = ProfileContentViewModel.swift; sourceTree = "<group>"; };
		5A7418222A24B23B004EBDDD /* PostsListView.swift */ = {isa = PBXFileReference; lastKnownFileType = sourcecode.swift; path = PostsListView.swift; sourceTree = "<group>"; };
		5A7418252A2501DE004EBDDD /* EditProfileView.swift */ = {isa = PBXFileReference; lastKnownFileType = sourcecode.swift; path = EditProfileView.swift; sourceTree = "<group>"; };
		5A7418272A25EB4A004EBDDD /* EditProfileViewModel.swift */ = {isa = PBXFileReference; lastKnownFileType = sourcecode.swift; path = EditProfileViewModel.swift; sourceTree = "<group>"; };
		5A7418292A260023004EBDDD /* EditUserInfoView.swift */ = {isa = PBXFileReference; lastKnownFileType = sourcecode.swift; path = EditUserInfoView.swift; sourceTree = "<group>"; };
		5A74182B2A263810004EBDDD /* Story.swift */ = {isa = PBXFileReference; lastKnownFileType = sourcecode.swift; path = Story.swift; sourceTree = "<group>"; };
		5A7418312A263E2E004EBDDD /* StoryEditorView.swift */ = {isa = PBXFileReference; lastKnownFileType = sourcecode.swift; path = StoryEditorView.swift; sourceTree = "<group>"; };
		5A7418332A263E3D004EBDDD /* StoryEditorViewModel.swift */ = {isa = PBXFileReference; lastKnownFileType = sourcecode.swift; path = StoryEditorViewModel.swift; sourceTree = "<group>"; };
		5A7418362A264DAA004EBDDD /* StoriesListView.swift */ = {isa = PBXFileReference; lastKnownFileType = sourcecode.swift; path = StoriesListView.swift; sourceTree = "<group>"; };
		5A80C4422A1E11FE00C42FC0 /* PostViewModel.swift */ = {isa = PBXFileReference; lastKnownFileType = sourcecode.swift; path = PostViewModel.swift; sourceTree = "<group>"; };
		5A80C4452A1E1F4D00C42FC0 /* ImageSliderView.swift */ = {isa = PBXFileReference; lastKnownFileType = sourcecode.swift; path = ImageSliderView.swift; sourceTree = "<group>"; };
		5A80C4482A1E334500C42FC0 /* PostCommentView.swift */ = {isa = PBXFileReference; lastKnownFileType = sourcecode.swift; path = PostCommentView.swift; sourceTree = "<group>"; };
		5A80C44A2A1E33D900C42FC0 /* Comment.swift */ = {isa = PBXFileReference; lastKnownFileType = sourcecode.swift; path = Comment.swift; sourceTree = "<group>"; };
		5A80C44C2A1E463100C42FC0 /* CommentsService.swift */ = {isa = PBXFileReference; lastKnownFileType = sourcecode.swift; path = CommentsService.swift; sourceTree = "<group>"; };
		5A80C44E2A1E48AC00C42FC0 /* CommentViewModel.swift */ = {isa = PBXFileReference; lastKnownFileType = sourcecode.swift; path = CommentViewModel.swift; sourceTree = "<group>"; };
		5A80C4512A1E557B00C42FC0 /* PullToRefreshView.swift */ = {isa = PBXFileReference; lastKnownFileType = sourcecode.swift; path = PullToRefreshView.swift; sourceTree = "<group>"; };
		5A80C4572A1E5DE500C42FC0 /* ChatView.swift */ = {isa = PBXFileReference; lastKnownFileType = sourcecode.swift; path = ChatView.swift; sourceTree = "<group>"; };
		5A80C4592A1E5FE400C42FC0 /* Chat.swift */ = {isa = PBXFileReference; lastKnownFileType = sourcecode.swift; path = Chat.swift; sourceTree = "<group>"; };
		5A80C45B2A1E6A2B00C42FC0 /* ChatServices.swift */ = {isa = PBXFileReference; lastKnownFileType = sourcecode.swift; path = ChatServices.swift; sourceTree = "<group>"; };
		5A80C45E2A1F509D00C42FC0 /* MessageService.swift */ = {isa = PBXFileReference; lastKnownFileType = sourcecode.swift; path = MessageService.swift; sourceTree = "<group>"; };
		5A80C4602A1F572A00C42FC0 /* Message.swift */ = {isa = PBXFileReference; lastKnownFileType = sourcecode.swift; path = Message.swift; sourceTree = "<group>"; };
		5A80C4622A1F5D5600C42FC0 /* ChatViewModel.swift */ = {isa = PBXFileReference; lastKnownFileType = sourcecode.swift; path = ChatViewModel.swift; sourceTree = "<group>"; };
		5A80C4642A1F6B6000C42FC0 /* DialogView.swift */ = {isa = PBXFileReference; lastKnownFileType = sourcecode.swift; path = DialogView.swift; sourceTree = "<group>"; };
		5A80C4662A1F6B7700C42FC0 /* DialogViewModel.swift */ = {isa = PBXFileReference; lastKnownFileType = sourcecode.swift; path = DialogViewModel.swift; sourceTree = "<group>"; };
		5A80C4682A1FA9FD00C42FC0 /* MessageBubbleView.swift */ = {isa = PBXFileReference; lastKnownFileType = sourcecode.swift; path = MessageBubbleView.swift; sourceTree = "<group>"; };
		5A80C46E2A20FE5600C42FC0 /* SwipeView.swift */ = {isa = PBXFileReference; lastKnownFileType = sourcecode.swift; path = SwipeView.swift; sourceTree = "<group>"; };
		5A8A675C2A602C8F001942BD /* RangeSlider.swift */ = {isa = PBXFileReference; lastKnownFileType = sourcecode.swift; path = RangeSlider.swift; sourceTree = "<group>"; };
		5A8A675E2A602CBC001942BD /* CustomSlider.swift */ = {isa = PBXFileReference; lastKnownFileType = sourcecode.swift; path = CustomSlider.swift; sourceTree = "<group>"; };
		5A8A67602A602CE4001942BD /* VideoTrimBarSlider.swift */ = {isa = PBXFileReference; lastKnownFileType = sourcecode.swift; path = VideoTrimBarSlider.swift; sourceTree = "<group>"; };
		5AA2FF3C2A49CA250005D8D2 /* FeedVideoCellView.swift */ = {isa = PBXFileReference; lastKnownFileType = sourcecode.swift; path = FeedVideoCellView.swift; sourceTree = "<group>"; };
		5AA2FF3E2A49D5B20005D8D2 /* FeedVideo.swift */ = {isa = PBXFileReference; lastKnownFileType = sourcecode.swift; path = FeedVideo.swift; sourceTree = "<group>"; };
		5AA2FF402A49D6600005D8D2 /* FeedVideoService.swift */ = {isa = PBXFileReference; lastKnownFileType = sourcecode.swift; path = FeedVideoService.swift; sourceTree = "<group>"; };
		5AA2FF432A49DDB30005D8D2 /* VideoUploaderManager.swift */ = {isa = PBXFileReference; lastKnownFileType = sourcecode.swift; path = VideoUploaderManager.swift; sourceTree = "<group>"; };
		5ABC9DC02A6139BE00637BAB /* VideoEditorPreview.swift */ = {isa = PBXFileReference; lastKnownFileType = sourcecode.swift; path = VideoEditorPreview.swift; sourceTree = "<group>"; };
		5ABC9DC22A6142A700637BAB /* VideoItem.swift */ = {isa = PBXFileReference; lastKnownFileType = sourcecode.swift; path = VideoItem.swift; sourceTree = "<group>"; };
		5AC5CD432A3077AC00E901A2 /* Double.swift */ = {isa = PBXFileReference; lastKnownFileType = sourcecode.swift; path = Double.swift; sourceTree = "<group>"; };
		5ADD382E2A580F0100383B33 /* FbConstants.swift */ = {isa = PBXFileReference; lastKnownFileType = sourcecode.swift; path = FbConstants.swift; sourceTree = "<group>"; };
		5ADD38302A58123400383B33 /* FBListenerResult.swift */ = {isa = PBXFileReference; lastKnownFileType = sourcecode.swift; path = FBListenerResult.swift; sourceTree = "<group>"; };
		5AFB55C12A2891A600242F02 /* FollowingsFollowersView.swift */ = {isa = PBXFileReference; lastKnownFileType = sourcecode.swift; path = FollowingsFollowersView.swift; sourceTree = "<group>"; };
		5AFB55C32A289BB600242F02 /* FollowingsFollowersViewModel.swift */ = {isa = PBXFileReference; lastKnownFileType = sourcecode.swift; path = FollowingsFollowersViewModel.swift; sourceTree = "<group>"; };
/* End PBXFileReference section */

/* Begin PBXFrameworksBuildPhase section */
		5A28FFCA2A17A9040068D3FD /* Frameworks */ = {
			isa = PBXFrameworksBuildPhase;
			buildActionMask = 2147483647;
			files = (
				5A23A2AD2A4B3DBC009C9462 /* VideoPlayer in Frameworks */,
				5A80C46C2A20A3FC00C42FC0 /* Algorithms in Frameworks */,
				5A31F4B12A5EB2E5000E1EB9 /* VideoRender in Frameworks */,
				5A2800002A17C3F10068D3FD /* NukeUI in Frameworks */,
				5A4BADB52A1B893C0009CD12 /* FirebaseAuth in Frameworks */,
				5A4BADB72A1B893C0009CD12 /* FirebaseFirestore in Frameworks */,
				5A4BADBB2A1B893C0009CD12 /* FirebaseStorage in Frameworks */,
				5A4BADB92A1B893C0009CD12 /* FirebaseFirestoreSwift in Frameworks */,
			);
			runOnlyForDeploymentPostprocessing = 0;
		};
/* End PBXFrameworksBuildPhase section */

/* Begin PBXGroup section */
		5A23A2A52A4AE2C3009C9462 /* FeedCreatorView */ = {
			isa = PBXGroup;
			children = (
				5A23A2A62A4AE2D9009C9462 /* VideoFeedCreatorView.swift */,
			);
			path = FeedCreatorView;
			sourceTree = "<group>";
		};
		5A23A2A82A4B11BC009C9462 /* MainVideoFeed */ = {
			isa = PBXGroup;
			children = (
				5A5B573D2A2E144F0042A072 /* VideoFeedView.swift */,
				5AA2FF3C2A49CA250005D8D2 /* FeedVideoCellView.swift */,
				5A23A2A92A4B1240009C9462 /* MainVideoFeedViewModel.swift */,
			);
			path = MainVideoFeed;
			sourceTree = "<group>";
		};
		5A28FFC42A17A9040068D3FD = {
			isa = PBXGroup;
			children = (
				5A28FFCF2A17A9040068D3FD /* Zingo */,
				5A28FFCE2A17A9040068D3FD /* Products */,
			);
			sourceTree = "<group>";
		};
		5A28FFCE2A17A9040068D3FD /* Products */ = {
			isa = PBXGroup;
			children = (
				5A28FFCD2A17A9040068D3FD /* Zingo.app */,
			);
			name = Products;
			sourceTree = "<group>";
		};
		5A28FFCF2A17A9040068D3FD /* Zingo */ = {
			isa = PBXGroup;
			children = (
				5A4BADB12A1B88AB0009CD12 /* GoogleService-Info.plist */,
				5A28FFE22A17AAB10068D3FD /* App */,
				5A28FFEF2A17ADD80068D3FD /* Env */,
				5A4BADBE2A1B8B520009CD12 /* Services */,
				5A28FFE42A17AB150068D3FD /* Utils */,
				5A28FFE32A17AADE0068D3FD /* Model */,
				5A28FFDE2A17A9130068D3FD /* Core */,
				5A28FFD42A17A9060068D3FD /* Assets.xcassets */,
				5A28FFD62A17A9060068D3FD /* Preview Content */,
			);
			path = Zingo;
			sourceTree = "<group>";
		};
		5A28FFD62A17A9060068D3FD /* Preview Content */ = {
			isa = PBXGroup;
			children = (
				5A28FFD72A17A9060068D3FD /* Preview Assets.xcassets */,
			);
			path = "Preview Content";
			sourceTree = "<group>";
		};
		5A28FFDE2A17A9130068D3FD /* Core */ = {
			isa = PBXGroup;
			children = (
				5A80C4472A1E333300C42FC0 /* CommentView */,
				5A5B573C2A2E12070042A072 /* VideoFeed */,
				5A7418302A263E01004EBDDD /* StoryEditorView */,
				5A80C4532A1E5D8F00C42FC0 /* Chat */,
				5A28FFEC2A17AC430068D3FD /* TabViewContainer */,
				5A28FFE62A17AB420068D3FD /* Authentication */,
				5A28FFEB2A17AC050068D3FD /* PostEditor */,
				5A28FFEA2A17ABED0068D3FD /* Profile */,
				5A28FFE82A17ABD70068D3FD /* Search */,
				5A28FFE72A17AB5D0068D3FD /* Feed */,
				5A28FFE02A17A9220068D3FD /* ViewComponens */,
			);
			path = Core;
			sourceTree = "<group>";
		};
		5A28FFE02A17A9220068D3FD /* ViewComponens */ = {
			isa = PBXGroup;
			children = (
				5A8A675B2A602C7E001942BD /* Sliders */,
				5A5B57452A2E27180042A072 /* ProgressBar */,
				5A80C46D2A20FE3700C42FC0 /* SwipeView */,
				5A80C4502A1E555E00C42FC0 /* PullToRefresh */,
				5A80C4442A1E1F3400C42FC0 /* ImageSlider */,
				5A4BADE82A1CE7710009CD12 /* Popap */,
				5A4BAD9F2A1B6FA60009CD12 /* TextFields */,
				5A28FFFB2A17C3750068D3FD /* NukeImage */,
				5A28FFF62A17BD4B0068D3FD /* Buttons */,
				5A4BADCF2A1BAAA00009CD12 /* ErrorHandler.swift */,
				5A4BADD32A1BB6400009CD12 /* UserAvatarView.swift */,
				5A4BADD52A1BBBB20009CD12 /* ImagePicker.swift */,
			);
			path = ViewComponens;
			sourceTree = "<group>";
		};
		5A28FFE12A17AA9E0068D3FD /* Extensions */ = {
			isa = PBXGroup;
			children = (
				5A28FFF22A17B2BE0068D3FD /* Color.swift */,
				5A28FFF42A17B7A00068D3FD /* View.swift */,
				5A4BAD962A1B5BE70009CD12 /* Image.swift */,
				5A4BADAD2A1B81340009CD12 /* Date.swift */,
				5A4BADC92A1B9EEB0009CD12 /* String.swift */,
				5A4BADD12A1BB1E70009CD12 /* Query.swift */,
				5A4BADEB2A1CEB190009CD12 /* NotificationCenter.swift */,
				5A4BADF62A1CFEB60009CD12 /* UINavigationController.swift */,
				5A5B57552A2F35E30042A072 /* FileManager.swift */,
				5A5B575B2A2F42E20042A072 /* AVAudioSession.swift */,
				5AC5CD432A3077AC00E901A2 /* Double.swift */,
				5A398EE82A3E4D22003FE261 /* AVAsset.swift */,
			);
			path = Extensions;
			sourceTree = "<group>";
		};
		5A28FFE22A17AAB10068D3FD /* App */ = {
			isa = PBXGroup;
			children = (
				5A28FFD02A17A9040068D3FD /* ZingoApp.swift */,
				5A28FFD22A17A9040068D3FD /* ContentView.swift */,
				5A4BADBC2A1B89630009CD12 /* AppDelegate.swift */,
			);
			path = App;
			sourceTree = "<group>";
		};
		5A28FFE32A17AADE0068D3FD /* Model */ = {
			isa = PBXGroup;
			children = (
				5A4BADA92A1B7A5E0009CD12 /* User.swift */,
				5A4BADAB2A1B7CBB0009CD12 /* Post.swift */,
				5A4BADC72A1B99630009CD12 /* Tab.swift */,
				5A80C44A2A1E33D900C42FC0 /* Comment.swift */,
				5A80C4592A1E5FE400C42FC0 /* Chat.swift */,
				5A80C4602A1F572A00C42FC0 /* Message.swift */,
				5A74182B2A263810004EBDDD /* Story.swift */,
				5A398EEA2A3E5120003FE261 /* DraftVideo.swift */,
				5AA2FF3E2A49D5B20005D8D2 /* FeedVideo.swift */,
				5ABC9DC22A6142A700637BAB /* VideoItem.swift */,
			);
			path = Model;
			sourceTree = "<group>";
		};
		5A28FFE42A17AB150068D3FD /* Utils */ = {
			isa = PBXGroup;
			children = (
				5A4BAD982A1B5D990009CD12 /* Style */,
				5A28FFE12A17AA9E0068D3FD /* Extensions */,
			);
			path = Utils;
			sourceTree = "<group>";
		};
		5A28FFE62A17AB420068D3FD /* Authentication */ = {
			isa = PBXGroup;
			children = (
				5A4BADA22A1B745F0009CD12 /* LoginView.swift */,
				5A4BADA42A1B75420009CD12 /* AuthenticationViewModel.swift */,
				5A4BADCD2A1BA3EC0009CD12 /* CreateUserFlowView.swift */,
			);
			path = Authentication;
			sourceTree = "<group>";
		};
		5A28FFE72A17AB5D0068D3FD /* Feed */ = {
			isa = PBXGroup;
			children = (
				5A7418352A264D88004EBDDD /* StoryView */,
				5A80C4412A1E0E3D00C42FC0 /* PostView */,
				5A4BAD9B2A1B623A0009CD12 /* FeedView.swift */,
				5A4BADED2A1CEE570009CD12 /* FeedViewModel.swift */,
			);
			path = Feed;
			sourceTree = "<group>";
		};
		5A28FFE82A17ABD70068D3FD /* Search */ = {
			isa = PBXGroup;
			children = (
			);
			path = Search;
			sourceTree = "<group>";
		};
		5A28FFEA2A17ABED0068D3FD /* Profile */ = {
			isa = PBXGroup;
			children = (
				5AFB55C02A28918800242F02 /* FollowingsFollowers */,
				5A7418242A2501CE004EBDDD /* EditProfileView */,
				5A4BADEF2A1CF6300009CD12 /* ViewModel */,
				5A4BADD72A1BBD880009CD12 /* Components */,
				5A28FFF92A17C3100068D3FD /* CurrentUserProfileView.swift */,
				5A4BADDC2A1BC1A00009CD12 /* UserProfile.swift */,
			);
			path = Profile;
			sourceTree = "<group>";
		};
		5A28FFEB2A17AC050068D3FD /* PostEditor */ = {
			isa = PBXGroup;
			children = (
				5A4BADAF2A1B86A70009CD12 /* PostEditorView.swift */,
				5A4BADDE2A1BC54C0009CD12 /* CreatePostViewModel.swift */,
			);
			path = PostEditor;
			sourceTree = "<group>";
		};
		5A28FFEC2A17AC430068D3FD /* TabViewContainer */ = {
			isa = PBXGroup;
			children = (
				5A28FFED2A17AC570068D3FD /* TabViewContainer.swift */,
			);
			path = TabViewContainer;
			sourceTree = "<group>";
		};
		5A28FFEF2A17ADD80068D3FD /* Env */ = {
			isa = PBXGroup;
			children = (
				5A28FFF02A17ADFA0068D3FD /* Router.swift */,
				5A4BADC32A1B915A0009CD12 /* AppError.swift */,
				5A4BADC52A1B98B70009CD12 /* CancelBag.swift */,
				5A4BADF42A1CF97D0009CD12 /* AppRoute+View.swift */,
			);
			path = Env;
			sourceTree = "<group>";
		};
		5A28FFF62A17BD4B0068D3FD /* Buttons */ = {
			isa = PBXGroup;
			children = (
				5A28FFF72A17BD660068D3FD /* PrimaryButtonView.swift */,
				5A4BAD942A1B5B260009CD12 /* IconButton.swift */,
			);
			path = Buttons;
			sourceTree = "<group>";
		};
		5A28FFFB2A17C3750068D3FD /* NukeImage */ = {
			isa = PBXGroup;
			children = (
				5A28FFFC2A17C3910068D3FD /* LazyNukeImage.swift */,
			);
			path = NukeImage;
			sourceTree = "<group>";
		};
		5A31F4B22A5EE7EE000E1EB9 /* VideoUploader */ = {
			isa = PBXGroup;
			children = (
				5AA2FF432A49DDB30005D8D2 /* VideoUploaderManager.swift */,
				5A31F4B32A5EE811000E1EB9 /* UploaderView.swift */,
			);
			path = VideoUploader;
			sourceTree = "<group>";
		};
		5A3B9C782A2742C20080F9DA /* Components */ = {
			isa = PBXGroup;
			children = (
				5A3B9C792A2742CD0080F9DA /* CountTimer.swift */,
				5A3B9C7B2A2743190080F9DA /* StoryBodyView.swift */,
				5A3B9C7D2A2743C00080F9DA /* StoryLoadingBar.swift */,
			);
			path = Components;
			sourceTree = "<group>";
		};
		5A4BAD982A1B5D990009CD12 /* Style */ = {
			isa = PBXGroup;
			children = (
				5A4BAD992A1B5DA60009CD12 /* Icon.swift */,
			);
			path = Style;
			sourceTree = "<group>";
		};
		5A4BAD9F2A1B6FA60009CD12 /* TextFields */ = {
			isa = PBXGroup;
			children = (
				5A4BADA02A1B6FB80009CD12 /* TextFieldView.swift */,
				5A4BADE42A1CCDB60009CD12 /* GrowingTextInputView.swift */,
			);
			path = TextFields;
			sourceTree = "<group>";
		};
		5A4BADBE2A1B8B520009CD12 /* Services */ = {
			isa = PBXGroup;
			children = (
				5A80C45B2A1E6A2B00C42FC0 /* ChatServices.swift */,
				5A4BADBF2A1B8B6F0009CD12 /* AuthenticationManager.swift */,
				5A4BADC12A1B8BE00009CD12 /* UserService.swift */,
				5A4BADE22A1CAAFB0009CD12 /* StorageManager.swift */,
				5A4BADE62A1CDA820009CD12 /* PostService.swift */,
				5A80C44C2A1E463100C42FC0 /* CommentsService.swift */,
				5A80C45E2A1F509D00C42FC0 /* MessageService.swift */,
				5A3B9C742A2735260080F9DA /* StoryService.swift */,
				5AA2FF402A49D6600005D8D2 /* FeedVideoService.swift */,
				5ADD382E2A580F0100383B33 /* FbConstants.swift */,
				5ADD38302A58123400383B33 /* FBListenerResult.swift */,
			);
			path = Services;
			sourceTree = "<group>";
		};
		5A4BADD72A1BBD880009CD12 /* Components */ = {
			isa = PBXGroup;
			children = (
				5A4BADDA2A1BBE090009CD12 /* ProfileContentViewComponent.swift */,
				5A74181E2A24955E004EBDDD /* ProfileContentViewModel.swift */,
			);
			path = Components;
			sourceTree = "<group>";
		};
		5A4BADE82A1CE7710009CD12 /* Popap */ = {
			isa = PBXGroup;
			children = (
				5A4BADE92A1CE77B0009CD12 /* PopupView.swift */,
			);
			path = Popap;
			sourceTree = "<group>";
		};
		5A4BADEF2A1CF6300009CD12 /* ViewModel */ = {
			isa = PBXGroup;
			children = (
				5A4BADF02A1CF6370009CD12 /* CurrentUserManager.swift */,
				5A4BADF22A1CF64A0009CD12 /* UserViewModel.swift */,
			);
			path = ViewModel;
			sourceTree = "<group>";
		};
		5A5B573C2A2E12070042A072 /* VideoFeed */ = {
			isa = PBXGroup;
			children = (
				5A31F4B22A5EE7EE000E1EB9 /* VideoUploader */,
				5A23A2A82A4B11BC009C9462 /* MainVideoFeed */,
				5A5B574D2A2F31A50042A072 /* CreateVideoView */,
			);
			path = VideoFeed;
			sourceTree = "<group>";
		};
		5A5B573F2A2E15430042A072 /* CameraView */ = {
			isa = PBXGroup;
			children = (
				5A5B57502A2F32DC0042A072 /* Managers */,
				5A5B57482A2E27430042A072 /* Components */,
				5A5B57402A2E154F0042A072 /* CameraView.swift */,
				5A5B57622A2F8B5F0042A072 /* CameraRepresentable.swift */,
			);
			path = CameraView;
			sourceTree = "<group>";
		};
		5A5B57452A2E27180042A072 /* ProgressBar */ = {
			isa = PBXGroup;
			children = (
				5A5B57462A2E27270042A072 /* CircleProgressBar.swift */,
			);
			path = ProgressBar;
			sourceTree = "<group>";
		};
		5A5B57482A2E27430042A072 /* Components */ = {
			isa = PBXGroup;
			children = (
				5A5B57492A2E27540042A072 /* RecordButton.swift */,
				5A0E52EB2A3085AA003BA8E9 /* ScaleView.swift */,
				5A0E52EE2A308B86003BA8E9 /* CameraPreview.swift */,
			);
			path = Components;
			sourceTree = "<group>";
		};
		5A5B574C2A2F31990042A072 /* PlayerView */ = {
			isa = PBXGroup;
			children = (
				5A5B574E2A2F31D70042A072 /* PlayerEditorView.swift */,
				5A5B57572A2F405B0042A072 /* VideoPlayerManger.swift */,
				5A5B57592A2F40B30042A072 /* PlayerRepresentable.swift */,
			);
			path = PlayerView;
			sourceTree = "<group>";
		};
		5A5B574D2A2F31A50042A072 /* CreateVideoView */ = {
			isa = PBXGroup;
			children = (
				5ABC9DBF2A6139A100637BAB /* VideoPreview */,
				5A23A2A52A4AE2C3009C9462 /* FeedCreatorView */,
				5A5B573F2A2E15430042A072 /* CameraView */,
				5A5B574C2A2F31990042A072 /* PlayerView */,
			);
			path = CreateVideoView;
			sourceTree = "<group>";
		};
		5A5B57502A2F32DC0042A072 /* Managers */ = {
			isa = PBXGroup;
			children = (
				5A5B57512A2F32E50042A072 /* CameraManger.swift */,
				5A0E52F02A30AD6C003BA8E9 /* VideoEditor.swift */,
			);
			path = Managers;
			sourceTree = "<group>";
		};
		5A7418242A2501CE004EBDDD /* EditProfileView */ = {
			isa = PBXGroup;
			children = (
				5A7418252A2501DE004EBDDD /* EditProfileView.swift */,
				5A7418272A25EB4A004EBDDD /* EditProfileViewModel.swift */,
				5A7418292A260023004EBDDD /* EditUserInfoView.swift */,
			);
			path = EditProfileView;
			sourceTree = "<group>";
		};
		5A7418302A263E01004EBDDD /* StoryEditorView */ = {
			isa = PBXGroup;
			children = (
				5A7418312A263E2E004EBDDD /* StoryEditorView.swift */,
				5A7418332A263E3D004EBDDD /* StoryEditorViewModel.swift */,
			);
			path = StoryEditorView;
			sourceTree = "<group>";
		};
		5A7418352A264D88004EBDDD /* StoryView */ = {
			isa = PBXGroup;
			children = (
				5A3B9C782A2742C20080F9DA /* Components */,
				5A7418362A264DAA004EBDDD /* StoriesListView.swift */,
				5A3B9C762A27381E0080F9DA /* StoriesListViewModel.swift */,
				5A3B9C7F2A2744450080F9DA /* SingleStoryView.swift */,
				5A3B9C812A27468C0080F9DA /* StoryView.swift */,
			);
			path = StoryView;
			sourceTree = "<group>";
		};
		5A80C4412A1E0E3D00C42FC0 /* PostView */ = {
			isa = PBXGroup;
			children = (
				5A4BAD9D2A1B62C50009CD12 /* PostView.swift */,
				5A80C4422A1E11FE00C42FC0 /* PostViewModel.swift */,
				5A7418222A24B23B004EBDDD /* PostsListView.swift */,
			);
			path = PostView;
			sourceTree = "<group>";
		};
		5A80C4442A1E1F3400C42FC0 /* ImageSlider */ = {
			isa = PBXGroup;
			children = (
				5A80C4452A1E1F4D00C42FC0 /* ImageSliderView.swift */,
			);
			path = ImageSlider;
			sourceTree = "<group>";
		};
		5A80C4472A1E333300C42FC0 /* CommentView */ = {
			isa = PBXGroup;
			children = (
				5A80C4482A1E334500C42FC0 /* PostCommentView.swift */,
				5A80C44E2A1E48AC00C42FC0 /* CommentViewModel.swift */,
			);
			path = CommentView;
			sourceTree = "<group>";
		};
		5A80C4502A1E555E00C42FC0 /* PullToRefresh */ = {
			isa = PBXGroup;
			children = (
				5A80C4512A1E557B00C42FC0 /* PullToRefreshView.swift */,
			);
			path = PullToRefresh;
			sourceTree = "<group>";
		};
		5A80C4532A1E5D8F00C42FC0 /* Chat */ = {
			isa = PBXGroup;
			children = (
				5A80C4552A1E5D9900C42FC0 /* Dialog */,
				5A80C4542A1E5D9500C42FC0 /* ViewModel */,
				5A80C4572A1E5DE500C42FC0 /* ChatView.swift */,
			);
			path = Chat;
			sourceTree = "<group>";
		};
		5A80C4542A1E5D9500C42FC0 /* ViewModel */ = {
			isa = PBXGroup;
			children = (
				5A80C4622A1F5D5600C42FC0 /* ChatViewModel.swift */,
				5A80C4662A1F6B7700C42FC0 /* DialogViewModel.swift */,
			);
			path = ViewModel;
			sourceTree = "<group>";
		};
		5A80C4552A1E5D9900C42FC0 /* Dialog */ = {
			isa = PBXGroup;
			children = (
				5A80C4642A1F6B6000C42FC0 /* DialogView.swift */,
				5A80C4682A1FA9FD00C42FC0 /* MessageBubbleView.swift */,
			);
			path = Dialog;
			sourceTree = "<group>";
		};
		5A80C46D2A20FE3700C42FC0 /* SwipeView */ = {
			isa = PBXGroup;
			children = (
				5A80C46E2A20FE5600C42FC0 /* SwipeView.swift */,
			);
			path = SwipeView;
			sourceTree = "<group>";
		};
		5A8A675B2A602C7E001942BD /* Sliders */ = {
			isa = PBXGroup;
			children = (
				5A8A675C2A602C8F001942BD /* RangeSlider.swift */,
				5A8A675E2A602CBC001942BD /* CustomSlider.swift */,
				5A8A67602A602CE4001942BD /* VideoTrimBarSlider.swift */,
			);
			path = Sliders;
			sourceTree = "<group>";
		};
		5ABC9DBF2A6139A100637BAB /* VideoPreview */ = {
			isa = PBXGroup;
			children = (
				5ABC9DC02A6139BE00637BAB /* VideoEditorPreview.swift */,
			);
			path = VideoPreview;
			sourceTree = "<group>";
		};
		5AFB55C02A28918800242F02 /* FollowingsFollowers */ = {
			isa = PBXGroup;
			children = (
				5AFB55C12A2891A600242F02 /* FollowingsFollowersView.swift */,
				5AFB55C32A289BB600242F02 /* FollowingsFollowersViewModel.swift */,
			);
			path = FollowingsFollowers;
			sourceTree = "<group>";
		};
/* End PBXGroup section */

/* Begin PBXNativeTarget section */
		5A28FFCC2A17A9040068D3FD /* Zingo */ = {
			isa = PBXNativeTarget;
			buildConfigurationList = 5A28FFDB2A17A9060068D3FD /* Build configuration list for PBXNativeTarget "Zingo" */;
			buildPhases = (
				5A28FFC92A17A9040068D3FD /* Sources */,
				5A28FFCA2A17A9040068D3FD /* Frameworks */,
				5A28FFCB2A17A9040068D3FD /* Resources */,
			);
			buildRules = (
			);
			dependencies = (
			);
			name = Zingo;
			packageProductDependencies = (
				5A28FFFF2A17C3F10068D3FD /* NukeUI */,
				5A4BADB42A1B893C0009CD12 /* FirebaseAuth */,
				5A4BADB62A1B893C0009CD12 /* FirebaseFirestore */,
				5A4BADB82A1B893C0009CD12 /* FirebaseFirestoreSwift */,
				5A4BADBA2A1B893C0009CD12 /* FirebaseStorage */,
				5A80C46B2A20A3FC00C42FC0 /* Algorithms */,
				5A23A2AC2A4B3DBC009C9462 /* VideoPlayer */,
				5A31F4B02A5EB2E5000E1EB9 /* VideoRender */,
			);
			productName = Zingo;
			productReference = 5A28FFCD2A17A9040068D3FD /* Zingo.app */;
			productType = "com.apple.product-type.application";
		};
/* End PBXNativeTarget section */

/* Begin PBXProject section */
		5A28FFC52A17A9040068D3FD /* Project object */ = {
			isa = PBXProject;
			attributes = {
				BuildIndependentTargetsInParallel = 1;
				LastSwiftUpdateCheck = 1430;
				LastUpgradeCheck = 1430;
				TargetAttributes = {
					5A28FFCC2A17A9040068D3FD = {
						CreatedOnToolsVersion = 14.3;
					};
				};
			};
			buildConfigurationList = 5A28FFC82A17A9040068D3FD /* Build configuration list for PBXProject "Zingo" */;
			compatibilityVersion = "Xcode 14.0";
			developmentRegion = en;
			hasScannedForEncodings = 0;
			knownRegions = (
				en,
				Base,
			);
			mainGroup = 5A28FFC42A17A9040068D3FD;
			packageReferences = (
				5A28FFFE2A17C3F10068D3FD /* XCRemoteSwiftPackageReference "NukeUI" */,
				5A4BADB32A1B893C0009CD12 /* XCRemoteSwiftPackageReference "firebase-ios-sdk" */,
				5A80C46A2A20A3FC00C42FC0 /* XCRemoteSwiftPackageReference "swift-algorithms" */,
				5A23A2AB2A4B3DBC009C9462 /* XCRemoteSwiftPackageReference "VideoPlayer" */,
				5A31F4AF2A5EB2E5000E1EB9 /* XCRemoteSwiftPackageReference "VideoRender" */,
			);
			productRefGroup = 5A28FFCE2A17A9040068D3FD /* Products */;
			projectDirPath = "";
			projectRoot = "";
			targets = (
				5A28FFCC2A17A9040068D3FD /* Zingo */,
			);
		};
/* End PBXProject section */

/* Begin PBXResourcesBuildPhase section */
		5A28FFCB2A17A9040068D3FD /* Resources */ = {
			isa = PBXResourcesBuildPhase;
			buildActionMask = 2147483647;
			files = (
				5A28FFD82A17A9060068D3FD /* Preview Assets.xcassets in Resources */,
				5A28FFD52A17A9060068D3FD /* Assets.xcassets in Resources */,
				5A4BADB22A1B88AB0009CD12 /* GoogleService-Info.plist in Resources */,
			);
			runOnlyForDeploymentPostprocessing = 0;
		};
/* End PBXResourcesBuildPhase section */

/* Begin PBXSourcesBuildPhase section */
		5A28FFC92A17A9040068D3FD /* Sources */ = {
			isa = PBXSourcesBuildPhase;
			buildActionMask = 2147483647;
			files = (
				5A4BADE52A1CCDB60009CD12 /* GrowingTextInputView.swift in Sources */,
				5A4BADBD2A1B89630009CD12 /* AppDelegate.swift in Sources */,
				5A28FFFD2A17C3910068D3FD /* LazyNukeImage.swift in Sources */,
				5A4BAD9C2A1B623A0009CD12 /* FeedView.swift in Sources */,
				5A8A67612A602CE4001942BD /* VideoTrimBarSlider.swift in Sources */,
				5A8A675D2A602C8F001942BD /* RangeSlider.swift in Sources */,
				5A80C4582A1E5DE500C42FC0 /* ChatView.swift in Sources */,
				5A5B57632A2F8B5F0042A072 /* CameraRepresentable.swift in Sources */,
				5A74182A2A260023004EBDDD /* EditUserInfoView.swift in Sources */,
				5A4BADD62A1BBBB20009CD12 /* ImagePicker.swift in Sources */,
				5A5B57562A2F35E30042A072 /* FileManager.swift in Sources */,
				5A4BADD02A1BAAA00009CD12 /* ErrorHandler.swift in Sources */,
				5A0E52EF2A308B86003BA8E9 /* CameraPreview.swift in Sources */,
				5A7418372A264DAA004EBDDD /* StoriesListView.swift in Sources */,
				5A4BADD42A1BB6400009CD12 /* UserAvatarView.swift in Sources */,
				5A4BADA12A1B6FB80009CD12 /* TextFieldView.swift in Sources */,
				5AFB55C42A289BB600242F02 /* FollowingsFollowersViewModel.swift in Sources */,
				5A4BAD972A1B5BE70009CD12 /* Image.swift in Sources */,
				5A7418322A263E2E004EBDDD /* StoryEditorView.swift in Sources */,
				5A4BADDD2A1BC1A00009CD12 /* UserProfile.swift in Sources */,
				5A4BADE32A1CAAFB0009CD12 /* StorageManager.swift in Sources */,
				5A398EE92A3E4D22003FE261 /* AVAsset.swift in Sources */,
				5A80C4632A1F5D5600C42FC0 /* ChatViewModel.swift in Sources */,
				5A7418282A25EB4A004EBDDD /* EditProfileViewModel.swift in Sources */,
				5A5B57472A2E27270042A072 /* CircleProgressBar.swift in Sources */,
				5A23A2A72A4AE2D9009C9462 /* VideoFeedCreatorView.swift in Sources */,
				5A28FFFA2A17C3100068D3FD /* CurrentUserProfileView.swift in Sources */,
				5A3B9C7A2A2742CD0080F9DA /* CountTimer.swift in Sources */,
				5A4BADC22A1B8BE00009CD12 /* UserService.swift in Sources */,
				5A28FFF12A17ADFA0068D3FD /* Router.swift in Sources */,
				5A80C4672A1F6B7700C42FC0 /* DialogViewModel.swift in Sources */,
				5ADD382F2A580F0100383B33 /* FbConstants.swift in Sources */,
				5A4BADDF2A1BC54C0009CD12 /* CreatePostViewModel.swift in Sources */,
				5A4BADA52A1B75420009CD12 /* AuthenticationViewModel.swift in Sources */,
				5A31F4B42A5EE811000E1EB9 /* UploaderView.swift in Sources */,
				5AC5CD442A3077AC00E901A2 /* Double.swift in Sources */,
				5A3B9C7C2A2743190080F9DA /* StoryBodyView.swift in Sources */,
				5A80C44F2A1E48AC00C42FC0 /* CommentViewModel.swift in Sources */,
				5A5B57522A2F32E50042A072 /* CameraManger.swift in Sources */,
				5A4BADF72A1CFEB60009CD12 /* UINavigationController.swift in Sources */,
				5A80C4492A1E334500C42FC0 /* PostCommentView.swift in Sources */,
				5AA2FF442A49DDB30005D8D2 /* VideoUploaderManager.swift in Sources */,
				5A5B574F2A2F31D70042A072 /* PlayerEditorView.swift in Sources */,
				5A80C44B2A1E33D900C42FC0 /* Comment.swift in Sources */,
				5A8A675F2A602CBC001942BD /* CustomSlider.swift in Sources */,
				5A5B573E2A2E144F0042A072 /* VideoFeedView.swift in Sources */,
				5A80C4652A1F6B6000C42FC0 /* DialogView.swift in Sources */,
				5A80C46F2A20FE5600C42FC0 /* SwipeView.swift in Sources */,
				5A4BADF12A1CF6370009CD12 /* CurrentUserManager.swift in Sources */,
				5A28FFEE2A17AC570068D3FD /* TabViewContainer.swift in Sources */,
				5AA2FF3F2A49D5B20005D8D2 /* FeedVideo.swift in Sources */,
				5A3B9C7E2A2743C00080F9DA /* StoryLoadingBar.swift in Sources */,
				5A4BADAA2A1B7A5E0009CD12 /* User.swift in Sources */,
				5A3B9C772A27381E0080F9DA /* StoriesListViewModel.swift in Sources */,
				5AFB55C22A2891A600242F02 /* FollowingsFollowersView.swift in Sources */,
				5A398EEB2A3E5120003FE261 /* DraftVideo.swift in Sources */,
				5A0E52F12A30AD6C003BA8E9 /* VideoEditor.swift in Sources */,
				5A0E52EC2A3085AA003BA8E9 /* ScaleView.swift in Sources */,
				5A7418232A24B23B004EBDDD /* PostsListView.swift in Sources */,
				5AA2FF412A49D6600005D8D2 /* FeedVideoService.swift in Sources */,
				5A4BADCA2A1B9EEB0009CD12 /* String.swift in Sources */,
				5A28FFF52A17B7A00068D3FD /* View.swift in Sources */,
				5A4BADDB2A1BBE090009CD12 /* ProfileContentViewComponent.swift in Sources */,
				5AA2FF3D2A49CA250005D8D2 /* FeedVideoCellView.swift in Sources */,
				5ABC9DC32A6142A700637BAB /* VideoItem.swift in Sources */,
				5A28FFD32A17A9040068D3FD /* ContentView.swift in Sources */,
				5A80C45A2A1E5FE400C42FC0 /* Chat.swift in Sources */,
				5A4BADC02A1B8B6F0009CD12 /* AuthenticationManager.swift in Sources */,
				5A4BADEE2A1CEE570009CD12 /* FeedViewModel.swift in Sources */,
				5A5B575C2A2F42E20042A072 /* AVAudioSession.swift in Sources */,
				5A7418262A2501DE004EBDDD /* EditProfileView.swift in Sources */,
				5A4BADF52A1CF97D0009CD12 /* AppRoute+View.swift in Sources */,
				5A80C4432A1E11FE00C42FC0 /* PostViewModel.swift in Sources */,
				5A80C4612A1F572A00C42FC0 /* Message.swift in Sources */,
				5A5B575A2A2F40B30042A072 /* PlayerRepresentable.swift in Sources */,
				5ADD38312A58123400383B33 /* FBListenerResult.swift in Sources */,
				5A80C45C2A1E6A2B00C42FC0 /* ChatServices.swift in Sources */,
				5A4BADAC2A1B7CBB0009CD12 /* Post.swift in Sources */,
				5A80C4522A1E557B00C42FC0 /* PullToRefreshView.swift in Sources */,
				5A4BADC82A1B99630009CD12 /* Tab.swift in Sources */,
				5A74181F2A24955E004EBDDD /* ProfileContentViewModel.swift in Sources */,
				5A23A2AA2A4B1240009C9462 /* MainVideoFeedViewModel.swift in Sources */,
				5A4BADA32A1B745F0009CD12 /* LoginView.swift in Sources */,
				5A28FFF32A17B2BE0068D3FD /* Color.swift in Sources */,
				5A5B57412A2E154F0042A072 /* CameraView.swift in Sources */,
				5A4BADB02A1B86A70009CD12 /* PostEditorView.swift in Sources */,
				5A7418342A263E3D004EBDDD /* StoryEditorViewModel.swift in Sources */,
				5A3B9C822A27468C0080F9DA /* StoryView.swift in Sources */,
				5A80C45F2A1F509D00C42FC0 /* MessageService.swift in Sources */,
				5A80C4462A1E1F4D00C42FC0 /* ImageSliderView.swift in Sources */,
				5A4BAD9A2A1B5DA60009CD12 /* Icon.swift in Sources */,
				5A5B57582A2F405B0042A072 /* VideoPlayerManger.swift in Sources */,
				5A4BADC42A1B915A0009CD12 /* AppError.swift in Sources */,
				5A4BADEA2A1CE77B0009CD12 /* PopupView.swift in Sources */,
				5A4BAD952A1B5B260009CD12 /* IconButton.swift in Sources */,
				5A74182C2A263810004EBDDD /* Story.swift in Sources */,
				5A28FFD12A17A9040068D3FD /* ZingoApp.swift in Sources */,
				5A4BADCE2A1BA3ED0009CD12 /* CreateUserFlowView.swift in Sources */,
				5A4BADAE2A1B81340009CD12 /* Date.swift in Sources */,
				5A4BADE72A1CDA820009CD12 /* PostService.swift in Sources */,
				5A3B9C802A2744450080F9DA /* SingleStoryView.swift in Sources */,
				5A4BADEC2A1CEB190009CD12 /* NotificationCenter.swift in Sources */,
				5A4BADD22A1BB1E70009CD12 /* Query.swift in Sources */,
				5A80C4692A1FA9FD00C42FC0 /* MessageBubbleView.swift in Sources */,
				5A4BAD9E2A1B62C50009CD12 /* PostView.swift in Sources */,
				5ABC9DC12A6139BE00637BAB /* VideoEditorPreview.swift in Sources */,
				5A5B574A2A2E27540042A072 /* RecordButton.swift in Sources */,
				5A3B9C752A2735260080F9DA /* StoryService.swift in Sources */,
				5A4BADC62A1B98B70009CD12 /* CancelBag.swift in Sources */,
				5A80C44D2A1E463100C42FC0 /* CommentsService.swift in Sources */,
				5A4BADF32A1CF64A0009CD12 /* UserViewModel.swift in Sources */,
				5A28FFF82A17BD660068D3FD /* PrimaryButtonView.swift in Sources */,
			);
			runOnlyForDeploymentPostprocessing = 0;
		};
/* End PBXSourcesBuildPhase section */

/* Begin XCBuildConfiguration section */
		5A28FFD92A17A9060068D3FD /* Debug */ = {
			isa = XCBuildConfiguration;
			buildSettings = {
				ALWAYS_SEARCH_USER_PATHS = NO;
				CLANG_ANALYZER_NONNULL = YES;
				CLANG_ANALYZER_NUMBER_OBJECT_CONVERSION = YES_AGGRESSIVE;
				CLANG_CXX_LANGUAGE_STANDARD = "gnu++20";
				CLANG_ENABLE_MODULES = YES;
				CLANG_ENABLE_OBJC_ARC = YES;
				CLANG_ENABLE_OBJC_WEAK = YES;
				CLANG_WARN_BLOCK_CAPTURE_AUTORELEASING = YES;
				CLANG_WARN_BOOL_CONVERSION = YES;
				CLANG_WARN_COMMA = YES;
				CLANG_WARN_CONSTANT_CONVERSION = YES;
				CLANG_WARN_DEPRECATED_OBJC_IMPLEMENTATIONS = YES;
				CLANG_WARN_DIRECT_OBJC_ISA_USAGE = YES_ERROR;
				CLANG_WARN_DOCUMENTATION_COMMENTS = YES;
				CLANG_WARN_EMPTY_BODY = YES;
				CLANG_WARN_ENUM_CONVERSION = YES;
				CLANG_WARN_INFINITE_RECURSION = YES;
				CLANG_WARN_INT_CONVERSION = YES;
				CLANG_WARN_NON_LITERAL_NULL_CONVERSION = YES;
				CLANG_WARN_OBJC_IMPLICIT_RETAIN_SELF = YES;
				CLANG_WARN_OBJC_LITERAL_CONVERSION = YES;
				CLANG_WARN_OBJC_ROOT_CLASS = YES_ERROR;
				CLANG_WARN_QUOTED_INCLUDE_IN_FRAMEWORK_HEADER = YES;
				CLANG_WARN_RANGE_LOOP_ANALYSIS = YES;
				CLANG_WARN_STRICT_PROTOTYPES = YES;
				CLANG_WARN_SUSPICIOUS_MOVE = YES;
				CLANG_WARN_UNGUARDED_AVAILABILITY = YES_AGGRESSIVE;
				CLANG_WARN_UNREACHABLE_CODE = YES;
				CLANG_WARN__DUPLICATE_METHOD_MATCH = YES;
				COPY_PHASE_STRIP = NO;
				DEBUG_INFORMATION_FORMAT = dwarf;
				ENABLE_STRICT_OBJC_MSGSEND = YES;
				ENABLE_TESTABILITY = YES;
				GCC_C_LANGUAGE_STANDARD = gnu11;
				GCC_DYNAMIC_NO_PIC = NO;
				GCC_NO_COMMON_BLOCKS = YES;
				GCC_OPTIMIZATION_LEVEL = 0;
				GCC_PREPROCESSOR_DEFINITIONS = (
					"DEBUG=1",
					"$(inherited)",
				);
				GCC_WARN_64_TO_32_BIT_CONVERSION = YES;
				GCC_WARN_ABOUT_RETURN_TYPE = YES_ERROR;
				GCC_WARN_UNDECLARED_SELECTOR = YES;
				GCC_WARN_UNINITIALIZED_AUTOS = YES_AGGRESSIVE;
				GCC_WARN_UNUSED_FUNCTION = YES;
				GCC_WARN_UNUSED_VARIABLE = YES;
				IPHONEOS_DEPLOYMENT_TARGET = 16.0;
				MTL_ENABLE_DEBUG_INFO = INCLUDE_SOURCE;
				MTL_FAST_MATH = YES;
				ONLY_ACTIVE_ARCH = YES;
				SDKROOT = iphoneos;
				SWIFT_ACTIVE_COMPILATION_CONDITIONS = DEBUG;
				SWIFT_OPTIMIZATION_LEVEL = "-Onone";
			};
			name = Debug;
		};
		5A28FFDA2A17A9060068D3FD /* Release */ = {
			isa = XCBuildConfiguration;
			buildSettings = {
				ALWAYS_SEARCH_USER_PATHS = NO;
				CLANG_ANALYZER_NONNULL = YES;
				CLANG_ANALYZER_NUMBER_OBJECT_CONVERSION = YES_AGGRESSIVE;
				CLANG_CXX_LANGUAGE_STANDARD = "gnu++20";
				CLANG_ENABLE_MODULES = YES;
				CLANG_ENABLE_OBJC_ARC = YES;
				CLANG_ENABLE_OBJC_WEAK = YES;
				CLANG_WARN_BLOCK_CAPTURE_AUTORELEASING = YES;
				CLANG_WARN_BOOL_CONVERSION = YES;
				CLANG_WARN_COMMA = YES;
				CLANG_WARN_CONSTANT_CONVERSION = YES;
				CLANG_WARN_DEPRECATED_OBJC_IMPLEMENTATIONS = YES;
				CLANG_WARN_DIRECT_OBJC_ISA_USAGE = YES_ERROR;
				CLANG_WARN_DOCUMENTATION_COMMENTS = YES;
				CLANG_WARN_EMPTY_BODY = YES;
				CLANG_WARN_ENUM_CONVERSION = YES;
				CLANG_WARN_INFINITE_RECURSION = YES;
				CLANG_WARN_INT_CONVERSION = YES;
				CLANG_WARN_NON_LITERAL_NULL_CONVERSION = YES;
				CLANG_WARN_OBJC_IMPLICIT_RETAIN_SELF = YES;
				CLANG_WARN_OBJC_LITERAL_CONVERSION = YES;
				CLANG_WARN_OBJC_ROOT_CLASS = YES_ERROR;
				CLANG_WARN_QUOTED_INCLUDE_IN_FRAMEWORK_HEADER = YES;
				CLANG_WARN_RANGE_LOOP_ANALYSIS = YES;
				CLANG_WARN_STRICT_PROTOTYPES = YES;
				CLANG_WARN_SUSPICIOUS_MOVE = YES;
				CLANG_WARN_UNGUARDED_AVAILABILITY = YES_AGGRESSIVE;
				CLANG_WARN_UNREACHABLE_CODE = YES;
				CLANG_WARN__DUPLICATE_METHOD_MATCH = YES;
				COPY_PHASE_STRIP = NO;
				DEBUG_INFORMATION_FORMAT = "dwarf-with-dsym";
				ENABLE_NS_ASSERTIONS = NO;
				ENABLE_STRICT_OBJC_MSGSEND = YES;
				GCC_C_LANGUAGE_STANDARD = gnu11;
				GCC_NO_COMMON_BLOCKS = YES;
				GCC_WARN_64_TO_32_BIT_CONVERSION = YES;
				GCC_WARN_ABOUT_RETURN_TYPE = YES_ERROR;
				GCC_WARN_UNDECLARED_SELECTOR = YES;
				GCC_WARN_UNINITIALIZED_AUTOS = YES_AGGRESSIVE;
				GCC_WARN_UNUSED_FUNCTION = YES;
				GCC_WARN_UNUSED_VARIABLE = YES;
				IPHONEOS_DEPLOYMENT_TARGET = 16.0;
				MTL_ENABLE_DEBUG_INFO = NO;
				MTL_FAST_MATH = YES;
				SDKROOT = iphoneos;
				SWIFT_COMPILATION_MODE = wholemodule;
				SWIFT_OPTIMIZATION_LEVEL = "-O";
				VALIDATE_PRODUCT = YES;
			};
			name = Release;
		};
		5A28FFDC2A17A9060068D3FD /* Debug */ = {
			isa = XCBuildConfiguration;
			buildSettings = {
				ASSETCATALOG_COMPILER_APPICON_NAME = AppIcon;
				ASSETCATALOG_COMPILER_GLOBAL_ACCENT_COLOR_NAME = AccentColor;
				CODE_SIGN_IDENTITY = "Apple Development";
				CODE_SIGN_STYLE = Automatic;
				CURRENT_PROJECT_VERSION = 1;
				DEVELOPMENT_ASSET_PATHS = "\"Zingo/Preview Content\"";
				DEVELOPMENT_TEAM = 3N69T4BSBA;
				ENABLE_PREVIEWS = YES;
				GENERATE_INFOPLIST_FILE = YES;
				INFOPLIST_KEY_NSCameraUsageDescription = "";
				INFOPLIST_KEY_NSMicrophoneUsageDescription = "";
				INFOPLIST_KEY_NSPhotoLibraryAddUsageDescription = "";
				INFOPLIST_KEY_NSPhotoLibraryUsageDescription = "";
				INFOPLIST_KEY_UIApplicationSceneManifest_Generation = YES;
				INFOPLIST_KEY_UIApplicationSupportsIndirectInputEvents = YES;
				INFOPLIST_KEY_UILaunchScreen_Generation = YES;
				INFOPLIST_KEY_UISupportedInterfaceOrientations_iPad = "UIInterfaceOrientationPortrait UIInterfaceOrientationPortraitUpsideDown UIInterfaceOrientationLandscapeLeft UIInterfaceOrientationLandscapeRight";
				INFOPLIST_KEY_UISupportedInterfaceOrientations_iPhone = "UIInterfaceOrientationPortrait UIInterfaceOrientationLandscapeLeft UIInterfaceOrientationLandscapeRight";
				LD_RUNPATH_SEARCH_PATHS = (
					"$(inherited)",
					"@executable_path/Frameworks",
				);
				MARKETING_VERSION = 1.0;
				PRODUCT_BUNDLE_IDENTIFIER = com.bogdanZyk.Zingo;
				PRODUCT_NAME = "$(TARGET_NAME)";
				PROVISIONING_PROFILE_SPECIFIER = "";
				SWIFT_EMIT_LOC_STRINGS = YES;
				SWIFT_VERSION = 5.0;
				TARGETED_DEVICE_FAMILY = "1,2";
			};
			name = Debug;
		};
		5A28FFDD2A17A9060068D3FD /* Release */ = {
			isa = XCBuildConfiguration;
			buildSettings = {
				ASSETCATALOG_COMPILER_APPICON_NAME = AppIcon;
				ASSETCATALOG_COMPILER_GLOBAL_ACCENT_COLOR_NAME = AccentColor;
				CODE_SIGN_IDENTITY = "Apple Development";
				CODE_SIGN_STYLE = Automatic;
				CURRENT_PROJECT_VERSION = 1;
				DEVELOPMENT_ASSET_PATHS = "\"Zingo/Preview Content\"";
				DEVELOPMENT_TEAM = 3N69T4BSBA;
				ENABLE_PREVIEWS = YES;
				GENERATE_INFOPLIST_FILE = YES;
				INFOPLIST_KEY_NSCameraUsageDescription = "";
				INFOPLIST_KEY_NSMicrophoneUsageDescription = "";
				INFOPLIST_KEY_NSPhotoLibraryAddUsageDescription = "";
				INFOPLIST_KEY_NSPhotoLibraryUsageDescription = "";
				INFOPLIST_KEY_UIApplicationSceneManifest_Generation = YES;
				INFOPLIST_KEY_UIApplicationSupportsIndirectInputEvents = YES;
				INFOPLIST_KEY_UILaunchScreen_Generation = YES;
				INFOPLIST_KEY_UISupportedInterfaceOrientations_iPad = "UIInterfaceOrientationPortrait UIInterfaceOrientationPortraitUpsideDown UIInterfaceOrientationLandscapeLeft UIInterfaceOrientationLandscapeRight";
				INFOPLIST_KEY_UISupportedInterfaceOrientations_iPhone = "UIInterfaceOrientationPortrait UIInterfaceOrientationLandscapeLeft UIInterfaceOrientationLandscapeRight";
				LD_RUNPATH_SEARCH_PATHS = (
					"$(inherited)",
					"@executable_path/Frameworks",
				);
				MARKETING_VERSION = 1.0;
				PRODUCT_BUNDLE_IDENTIFIER = com.bogdanZyk.Zingo;
				PRODUCT_NAME = "$(TARGET_NAME)";
				PROVISIONING_PROFILE_SPECIFIER = "";
				SWIFT_EMIT_LOC_STRINGS = YES;
				SWIFT_VERSION = 5.0;
				TARGETED_DEVICE_FAMILY = "1,2";
			};
			name = Release;
		};
/* End XCBuildConfiguration section */

/* Begin XCConfigurationList section */
		5A28FFC82A17A9040068D3FD /* Build configuration list for PBXProject "Zingo" */ = {
			isa = XCConfigurationList;
			buildConfigurations = (
				5A28FFD92A17A9060068D3FD /* Debug */,
				5A28FFDA2A17A9060068D3FD /* Release */,
			);
			defaultConfigurationIsVisible = 0;
			defaultConfigurationName = Release;
		};
		5A28FFDB2A17A9060068D3FD /* Build configuration list for PBXNativeTarget "Zingo" */ = {
			isa = XCConfigurationList;
			buildConfigurations = (
				5A28FFDC2A17A9060068D3FD /* Debug */,
				5A28FFDD2A17A9060068D3FD /* Release */,
			);
			defaultConfigurationIsVisible = 0;
			defaultConfigurationName = Release;
		};
/* End XCConfigurationList section */

/* Begin XCRemoteSwiftPackageReference section */
		5A23A2AB2A4B3DBC009C9462 /* XCRemoteSwiftPackageReference "VideoPlayer" */ = {
			isa = XCRemoteSwiftPackageReference;
			repositoryURL = "https://github.com/wxxsw/VideoPlayer";
			requirement = {
				kind = upToNextMajorVersion;
				minimumVersion = 1.0.0;
			};
		};
		5A28FFFE2A17C3F10068D3FD /* XCRemoteSwiftPackageReference "NukeUI" */ = {
			isa = XCRemoteSwiftPackageReference;
			repositoryURL = "https://github.com/kean/NukeUI";
			requirement = {
				kind = upToNextMajorVersion;
				minimumVersion = 0.8.3;
			};
		};
		5A31F4AF2A5EB2E5000E1EB9 /* XCRemoteSwiftPackageReference "VideoRender" */ = {
			isa = XCRemoteSwiftPackageReference;
			repositoryURL = "https://github.com/BogdanZyk/VideoRender";
			requirement = {
				branch = main;
				kind = branch;
			};
		};
		5A4BADB32A1B893C0009CD12 /* XCRemoteSwiftPackageReference "firebase-ios-sdk" */ = {
			isa = XCRemoteSwiftPackageReference;
			repositoryURL = "https://github.com/firebase/firebase-ios-sdk";
			requirement = {
				kind = upToNextMajorVersion;
				minimumVersion = 10.0.0;
			};
		};
		5A80C46A2A20A3FC00C42FC0 /* XCRemoteSwiftPackageReference "swift-algorithms" */ = {
			isa = XCRemoteSwiftPackageReference;
			repositoryURL = "https://github.com/apple/swift-algorithms.git";
			requirement = {
				kind = upToNextMajorVersion;
				minimumVersion = 1.0.0;
			};
		};
/* End XCRemoteSwiftPackageReference section */

/* Begin XCSwiftPackageProductDependency section */
		5A23A2AC2A4B3DBC009C9462 /* VideoPlayer */ = {
			isa = XCSwiftPackageProductDependency;
			package = 5A23A2AB2A4B3DBC009C9462 /* XCRemoteSwiftPackageReference "VideoPlayer" */;
			productName = VideoPlayer;
		};
		5A28FFFF2A17C3F10068D3FD /* NukeUI */ = {
			isa = XCSwiftPackageProductDependency;
			package = 5A28FFFE2A17C3F10068D3FD /* XCRemoteSwiftPackageReference "NukeUI" */;
			productName = NukeUI;
		};
		5A31F4B02A5EB2E5000E1EB9 /* VideoRender */ = {
			isa = XCSwiftPackageProductDependency;
			package = 5A31F4AF2A5EB2E5000E1EB9 /* XCRemoteSwiftPackageReference "VideoRender" */;
			productName = VideoRender;
		};
		5A4BADB42A1B893C0009CD12 /* FirebaseAuth */ = {
			isa = XCSwiftPackageProductDependency;
			package = 5A4BADB32A1B893C0009CD12 /* XCRemoteSwiftPackageReference "firebase-ios-sdk" */;
			productName = FirebaseAuth;
		};
		5A4BADB62A1B893C0009CD12 /* FirebaseFirestore */ = {
			isa = XCSwiftPackageProductDependency;
			package = 5A4BADB32A1B893C0009CD12 /* XCRemoteSwiftPackageReference "firebase-ios-sdk" */;
			productName = FirebaseFirestore;
		};
		5A4BADB82A1B893C0009CD12 /* FirebaseFirestoreSwift */ = {
			isa = XCSwiftPackageProductDependency;
			package = 5A4BADB32A1B893C0009CD12 /* XCRemoteSwiftPackageReference "firebase-ios-sdk" */;
			productName = FirebaseFirestoreSwift;
		};
		5A4BADBA2A1B893C0009CD12 /* FirebaseStorage */ = {
			isa = XCSwiftPackageProductDependency;
			package = 5A4BADB32A1B893C0009CD12 /* XCRemoteSwiftPackageReference "firebase-ios-sdk" */;
			productName = FirebaseStorage;
		};
		5A80C46B2A20A3FC00C42FC0 /* Algorithms */ = {
			isa = XCSwiftPackageProductDependency;
			package = 5A80C46A2A20A3FC00C42FC0 /* XCRemoteSwiftPackageReference "swift-algorithms" */;
			productName = Algorithms;
		};
/* End XCSwiftPackageProductDependency section */
	};
	rootObject = 5A28FFC52A17A9040068D3FD /* Project object */;
}
