// !$*UTF8*$!
{
	archiveVersion = 1;
	classes = {
	};
	objectVersion = 56;
	objects = {

/* Begin PBXBuildFile section */
		5A28FFD12A17A9040068D3FD /* ZingoApp.swift in Sources */ = {isa = PBXBuildFile; fileRef = 5A28FFD02A17A9040068D3FD /* ZingoApp.swift */; };
		5A28FFD32A17A9040068D3FD /* ContentView.swift in Sources */ = {isa = PBXBuildFile; fileRef = 5A28FFD22A17A9040068D3FD /* ContentView.swift */; };
		5A28FFD52A17A9060068D3FD /* Assets.xcassets in Resources */ = {isa = PBXBuildFile; fileRef = 5A28FFD42A17A9060068D3FD /* Assets.xcassets */; };
		5A28FFD82A17A9060068D3FD /* Preview Assets.xcassets in Resources */ = {isa = PBXBuildFile; fileRef = 5A28FFD72A17A9060068D3FD /* Preview Assets.xcassets */; };
		5A28FFEE2A17AC570068D3FD /* TabViewContainer.swift in Sources */ = {isa = PBXBuildFile; fileRef = 5A28FFED2A17AC570068D3FD /* TabViewContainer.swift */; };
		5A28FFF12A17ADFA0068D3FD /* Router.swift in Sources */ = {isa = PBXBuildFile; fileRef = 5A28FFF02A17ADFA0068D3FD /* Router.swift */; };
		5A28FFF32A17B2BE0068D3FD /* Color.swift in Sources */ = {isa = PBXBuildFile; fileRef = 5A28FFF22A17B2BE0068D3FD /* Color.swift */; };
		5A28FFF52A17B7A00068D3FD /* View.swift in Sources */ = {isa = PBXBuildFile; fileRef = 5A28FFF42A17B7A00068D3FD /* View.swift */; };
/* End PBXBuildFile section */

/* Begin PBXFileReference section */
		5A28FFCD2A17A9040068D3FD /* Zingo.app */ = {isa = PBXFileReference; explicitFileType = wrapper.application; includeInIndex = 0; path = Zingo.app; sourceTree = BUILT_PRODUCTS_DIR; };
		5A28FFD02A17A9040068D3FD /* ZingoApp.swift */ = {isa = PBXFileReference; lastKnownFileType = sourcecode.swift; path = ZingoApp.swift; sourceTree = "<group>"; };
		5A28FFD22A17A9040068D3FD /* ContentView.swift */ = {isa = PBXFileReference; lastKnownFileType = sourcecode.swift; path = ContentView.swift; sourceTree = "<group>"; };
		5A28FFD42A17A9060068D3FD /* Assets.xcassets */ = {isa = PBXFileReference; lastKnownFileType = folder.assetcatalog; path = Assets.xcassets; sourceTree = "<group>"; };
		5A28FFD72A17A9060068D3FD /* Preview Assets.xcassets */ = {isa = PBXFileReference; lastKnownFileType = folder.assetcatalog; path = "Preview Assets.xcassets"; sourceTree = "<group>"; };
		5A28FFED2A17AC570068D3FD /* TabViewContainer.swift */ = {isa = PBXFileReference; lastKnownFileType = sourcecode.swift; path = TabViewContainer.swift; sourceTree = "<group>"; };
		5A28FFF02A17ADFA0068D3FD /* Router.swift */ = {isa = PBXFileReference; lastKnownFileType = sourcecode.swift; path = Router.swift; sourceTree = "<group>"; };
		5A28FFF22A17B2BE0068D3FD /* Color.swift */ = {isa = PBXFileReference; lastKnownFileType = sourcecode.swift; path = Color.swift; sourceTree = "<group>"; };
		5A28FFF42A17B7A00068D3FD /* View.swift */ = {isa = PBXFileReference; lastKnownFileType = sourcecode.swift; path = View.swift; sourceTree = "<group>"; };
/* End PBXFileReference section */

/* Begin PBXFrameworksBuildPhase section */
		5A28FFCA2A17A9040068D3FD /* Frameworks */ = {
			isa = PBXFrameworksBuildPhase;
			buildActionMask = 2147483647;
			files = (
			);
			runOnlyForDeploymentPostprocessing = 0;
		};
/* End PBXFrameworksBuildPhase section */

/* Begin PBXGroup section */
		5A28FFC42A17A9040068D3FD = {
			isa = PBXGroup;
			children = (
				5A28FFCF2A17A9040068D3FD /* Zingo */,
				5A28FFCE2A17A9040068D3FD /* Products */,
			);
			sourceTree = "<group>";
		};
		5A28FFCE2A17A9040068D3FD /* Products */ = {
			isa = PBXGroup;
			children = (
				5A28FFCD2A17A9040068D3FD /* Zingo.app */,
			);
			name = Products;
			sourceTree = "<group>";
		};
		5A28FFCF2A17A9040068D3FD /* Zingo */ = {
			isa = PBXGroup;
			children = (
				5A28FFE22A17AAB10068D3FD /* App */,
				5A28FFEF2A17ADD80068D3FD /* Env */,
				5A28FFE42A17AB150068D3FD /* Utils */,
				5A28FFE32A17AADE0068D3FD /* Model */,
				5A28FFDE2A17A9130068D3FD /* Core */,
				5A28FFD42A17A9060068D3FD /* Assets.xcassets */,
				5A28FFD62A17A9060068D3FD /* Preview Content */,
			);
			path = Zingo;
			sourceTree = "<group>";
		};
		5A28FFD62A17A9060068D3FD /* Preview Content */ = {
			isa = PBXGroup;
			children = (
				5A28FFD72A17A9060068D3FD /* Preview Assets.xcassets */,
			);
			path = "Preview Content";
			sourceTree = "<group>";
		};
		5A28FFDE2A17A9130068D3FD /* Core */ = {
			isa = PBXGroup;
			children = (
				5A28FFEC2A17AC430068D3FD /* TabViewContainer */,
				5A28FFE62A17AB420068D3FD /* Authentication */,
				5A28FFEB2A17AC050068D3FD /* PostEditor */,
				5A28FFEA2A17ABED0068D3FD /* Profile */,
				5A28FFE92A17ABDE0068D3FD /* Notifications */,
				5A28FFE82A17ABD70068D3FD /* Search */,
				5A28FFE72A17AB5D0068D3FD /* Home */,
				5A28FFE02A17A9220068D3FD /* ViewComponens */,
			);
			path = Core;
			sourceTree = "<group>";
		};
		5A28FFE02A17A9220068D3FD /* ViewComponens */ = {
			isa = PBXGroup;
			children = (
			);
			path = ViewComponens;
			sourceTree = "<group>";
		};
		5A28FFE12A17AA9E0068D3FD /* Extensions */ = {
			isa = PBXGroup;
			children = (
				5A28FFF22A17B2BE0068D3FD /* Color.swift */,
				5A28FFF42A17B7A00068D3FD /* View.swift */,
			);
			path = Extensions;
			sourceTree = "<group>";
		};
		5A28FFE22A17AAB10068D3FD /* App */ = {
			isa = PBXGroup;
			children = (
				5A28FFD02A17A9040068D3FD /* ZingoApp.swift */,
				5A28FFD22A17A9040068D3FD /* ContentView.swift */,
			);
			path = App;
			sourceTree = "<group>";
		};
		5A28FFE32A17AADE0068D3FD /* Model */ = {
			isa = PBXGroup;
			children = (
			);
			path = Model;
			sourceTree = "<group>";
		};
		5A28FFE42A17AB150068D3FD /* Utils */ = {
			isa = PBXGroup;
			children = (
				5A28FFE52A17AB190068D3FD /* Services */,
				5A28FFE12A17AA9E0068D3FD /* Extensions */,
			);
			path = Utils;
			sourceTree = "<group>";
		};
		5A28FFE52A17AB190068D3FD /* Services */ = {
			isa = PBXGroup;
			children = (
			);
			path = Services;
			sourceTree = "<group>";
		};
		5A28FFE62A17AB420068D3FD /* Authentication */ = {
			isa = PBXGroup;
			children = (
			);
			path = Authentication;
			sourceTree = "<group>";
		};
		5A28FFE72A17AB5D0068D3FD /* Home */ = {
			isa = PBXGroup;
			children = (
			);
			path = Home;
			sourceTree = "<group>";
		};
		5A28FFE82A17ABD70068D3FD /* Search */ = {
			isa = PBXGroup;
			children = (
			);
			path = Search;
			sourceTree = "<group>";
		};
		5A28FFE92A17ABDE0068D3FD /* Notifications */ = {
			isa = PBXGroup;
			children = (
			);
			path = Notifications;
			sourceTree = "<group>";
		};
		5A28FFEA2A17ABED0068D3FD /* Profile */ = {
			isa = PBXGroup;
			children = (
			);
			path = Profile;
			sourceTree = "<group>";
		};
		5A28FFEB2A17AC050068D3FD /* PostEditor */ = {
			isa = PBXGroup;
			children = (
			);
			path = PostEditor;
			sourceTree = "<group>";
		};
		5A28FFEC2A17AC430068D3FD /* TabViewContainer */ = {
			isa = PBXGroup;
			children = (
				5A28FFED2A17AC570068D3FD /* TabViewContainer.swift */,
			);
			path = TabViewContainer;
			sourceTree = "<group>";
		};
		5A28FFEF2A17ADD80068D3FD /* Env */ = {
			isa = PBXGroup;
			children = (
				5A28FFF02A17ADFA0068D3FD /* Router.swift */,
			);
			path = Env;
			sourceTree = "<group>";
		};
/* End PBXGroup section */

/* Begin PBXNativeTarget section */
		5A28FFCC2A17A9040068D3FD /* Zingo */ = {
			isa = PBXNativeTarget;
			buildConfigurationList = 5A28FFDB2A17A9060068D3FD /* Build configuration list for PBXNativeTarget "Zingo" */;
			buildPhases = (
				5A28FFC92A17A9040068D3FD /* Sources */,
				5A28FFCA2A17A9040068D3FD /* Frameworks */,
				5A28FFCB2A17A9040068D3FD /* Resources */,
			);
			buildRules = (
			);
			dependencies = (
			);
			name = Zingo;
			productName = Zingo;
			productReference = 5A28FFCD2A17A9040068D3FD /* Zingo.app */;
			productType = "com.apple.product-type.application";
		};
/* End PBXNativeTarget section */

/* Begin PBXProject section */
		5A28FFC52A17A9040068D3FD /* Project object */ = {
			isa = PBXProject;
			attributes = {
				BuildIndependentTargetsInParallel = 1;
				LastSwiftUpdateCheck = 1430;
				LastUpgradeCheck = 1430;
				TargetAttributes = {
					5A28FFCC2A17A9040068D3FD = {
						CreatedOnToolsVersion = 14.3;
					};
				};
			};
			buildConfigurationList = 5A28FFC82A17A9040068D3FD /* Build configuration list for PBXProject "Zingo" */;
			compatibilityVersion = "Xcode 14.0";
			developmentRegion = en;
			hasScannedForEncodings = 0;
			knownRegions = (
				en,
				Base,
			);
			mainGroup = 5A28FFC42A17A9040068D3FD;
			productRefGroup = 5A28FFCE2A17A9040068D3FD /* Products */;
			projectDirPath = "";
			projectRoot = "";
			targets = (
				5A28FFCC2A17A9040068D3FD /* Zingo */,
			);
		};
/* End PBXProject section */

/* Begin PBXResourcesBuildPhase section */
		5A28FFCB2A17A9040068D3FD /* Resources */ = {
			isa = PBXResourcesBuildPhase;
			buildActionMask = 2147483647;
			files = (
				5A28FFD82A17A9060068D3FD /* Preview Assets.xcassets in Resources */,
				5A28FFD52A17A9060068D3FD /* Assets.xcassets in Resources */,
			);
			runOnlyForDeploymentPostprocessing = 0;
		};
/* End PBXResourcesBuildPhase section */

/* Begin PBXSourcesBuildPhase section */
		5A28FFC92A17A9040068D3FD /* Sources */ = {
			isa = PBXSourcesBuildPhase;
			buildActionMask = 2147483647;
			files = (
				5A28FFF12A17ADFA0068D3FD /* Router.swift in Sources */,
				5A28FFEE2A17AC570068D3FD /* TabViewContainer.swift in Sources */,
				5A28FFF52A17B7A00068D3FD /* View.swift in Sources */,
				5A28FFD32A17A9040068D3FD /* ContentView.swift in Sources */,
				5A28FFF32A17B2BE0068D3FD /* Color.swift in Sources */,
				5A28FFD12A17A9040068D3FD /* ZingoApp.swift in Sources */,
			);
			runOnlyForDeploymentPostprocessing = 0;
		};
/* End PBXSourcesBuildPhase section */

/* Begin XCBuildConfiguration section */
		5A28FFD92A17A9060068D3FD /* Debug */ = {
			isa = XCBuildConfiguration;
			buildSettings = {
				ALWAYS_SEARCH_USER_PATHS = NO;
				CLANG_ANALYZER_NONNULL = YES;
				CLANG_ANALYZER_NUMBER_OBJECT_CONVERSION = YES_AGGRESSIVE;
				CLANG_CXX_LANGUAGE_STANDARD = "gnu++20";
				CLANG_ENABLE_MODULES = YES;
				CLANG_ENABLE_OBJC_ARC = YES;
				CLANG_ENABLE_OBJC_WEAK = YES;
				CLANG_WARN_BLOCK_CAPTURE_AUTORELEASING = YES;
				CLANG_WARN_BOOL_CONVERSION = YES;
				CLANG_WARN_COMMA = YES;
				CLANG_WARN_CONSTANT_CONVERSION = YES;
				CLANG_WARN_DEPRECATED_OBJC_IMPLEMENTATIONS = YES;
				CLANG_WARN_DIRECT_OBJC_ISA_USAGE = YES_ERROR;
				CLANG_WARN_DOCUMENTATION_COMMENTS = YES;
				CLANG_WARN_EMPTY_BODY = YES;
				CLANG_WARN_ENUM_CONVERSION = YES;
				CLANG_WARN_INFINITE_RECURSION = YES;
				CLANG_WARN_INT_CONVERSION = YES;
				CLANG_WARN_NON_LITERAL_NULL_CONVERSION = YES;
				CLANG_WARN_OBJC_IMPLICIT_RETAIN_SELF = YES;
				CLANG_WARN_OBJC_LITERAL_CONVERSION = YES;
				CLANG_WARN_OBJC_ROOT_CLASS = YES_ERROR;
				CLANG_WARN_QUOTED_INCLUDE_IN_FRAMEWORK_HEADER = YES;
				CLANG_WARN_RANGE_LOOP_ANALYSIS = YES;
				CLANG_WARN_STRICT_PROTOTYPES = YES;
				CLANG_WARN_SUSPICIOUS_MOVE = YES;
				CLANG_WARN_UNGUARDED_AVAILABILITY = YES_AGGRESSIVE;
				CLANG_WARN_UNREACHABLE_CODE = YES;
				CLANG_WARN__DUPLICATE_METHOD_MATCH = YES;
				COPY_PHASE_STRIP = NO;
				DEBUG_INFORMATION_FORMAT = dwarf;
				ENABLE_STRICT_OBJC_MSGSEND = YES;
				ENABLE_TESTABILITY = YES;
				GCC_C_LANGUAGE_STANDARD = gnu11;
				GCC_DYNAMIC_NO_PIC = NO;
				GCC_NO_COMMON_BLOCKS = YES;
				GCC_OPTIMIZATION_LEVEL = 0;
				GCC_PREPROCESSOR_DEFINITIONS = (
					"DEBUG=1",
					"$(inherited)",
				);
				GCC_WARN_64_TO_32_BIT_CONVERSION = YES;
				GCC_WARN_ABOUT_RETURN_TYPE = YES_ERROR;
				GCC_WARN_UNDECLARED_SELECTOR = YES;
				GCC_WARN_UNINITIALIZED_AUTOS = YES_AGGRESSIVE;
				GCC_WARN_UNUSED_FUNCTION = YES;
				GCC_WARN_UNUSED_VARIABLE = YES;
				IPHONEOS_DEPLOYMENT_TARGET = 16.4;
				MTL_ENABLE_DEBUG_INFO = INCLUDE_SOURCE;
				MTL_FAST_MATH = YES;
				ONLY_ACTIVE_ARCH = YES;
				SDKROOT = iphoneos;
				SWIFT_ACTIVE_COMPILATION_CONDITIONS = DEBUG;
				SWIFT_OPTIMIZATION_LEVEL = "-Onone";
			};
			name = Debug;
		};
		5A28FFDA2A17A9060068D3FD /* Release */ = {
			isa = XCBuildConfiguration;
			buildSettings = {
				ALWAYS_SEARCH_USER_PATHS = NO;
				CLANG_ANALYZER_NONNULL = YES;
				CLANG_ANALYZER_NUMBER_OBJECT_CONVERSION = YES_AGGRESSIVE;
				CLANG_CXX_LANGUAGE_STANDARD = "gnu++20";
				CLANG_ENABLE_MODULES = YES;
				CLANG_ENABLE_OBJC_ARC = YES;
				CLANG_ENABLE_OBJC_WEAK = YES;
				CLANG_WARN_BLOCK_CAPTURE_AUTORELEASING = YES;
				CLANG_WARN_BOOL_CONVERSION = YES;
				CLANG_WARN_COMMA = YES;
				CLANG_WARN_CONSTANT_CONVERSION = YES;
				CLANG_WARN_DEPRECATED_OBJC_IMPLEMENTATIONS = YES;
				CLANG_WARN_DIRECT_OBJC_ISA_USAGE = YES_ERROR;
				CLANG_WARN_DOCUMENTATION_COMMENTS = YES;
				CLANG_WARN_EMPTY_BODY = YES;
				CLANG_WARN_ENUM_CONVERSION = YES;
				CLANG_WARN_INFINITE_RECURSION = YES;
				CLANG_WARN_INT_CONVERSION = YES;
				CLANG_WARN_NON_LITERAL_NULL_CONVERSION = YES;
				CLANG_WARN_OBJC_IMPLICIT_RETAIN_SELF = YES;
				CLANG_WARN_OBJC_LITERAL_CONVERSION = YES;
				CLANG_WARN_OBJC_ROOT_CLASS = YES_ERROR;
				CLANG_WARN_QUOTED_INCLUDE_IN_FRAMEWORK_HEADER = YES;
				CLANG_WARN_RANGE_LOOP_ANALYSIS = YES;
				CLANG_WARN_STRICT_PROTOTYPES = YES;
				CLANG_WARN_SUSPICIOUS_MOVE = YES;
				CLANG_WARN_UNGUARDED_AVAILABILITY = YES_AGGRESSIVE;
				CLANG_WARN_UNREACHABLE_CODE = YES;
				CLANG_WARN__DUPLICATE_METHOD_MATCH = YES;
				COPY_PHASE_STRIP = NO;
				DEBUG_INFORMATION_FORMAT = "dwarf-with-dsym";
				ENABLE_NS_ASSERTIONS = NO;
				ENABLE_STRICT_OBJC_MSGSEND = YES;
				GCC_C_LANGUAGE_STANDARD = gnu11;
				GCC_NO_COMMON_BLOCKS = YES;
				GCC_WARN_64_TO_32_BIT_CONVERSION = YES;
				GCC_WARN_ABOUT_RETURN_TYPE = YES_ERROR;
				GCC_WARN_UNDECLARED_SELECTOR = YES;
				GCC_WARN_UNINITIALIZED_AUTOS = YES_AGGRESSIVE;
				GCC_WARN_UNUSED_FUNCTION = YES;
				GCC_WARN_UNUSED_VARIABLE = YES;
				IPHONEOS_DEPLOYMENT_TARGET = 16.4;
				MTL_ENABLE_DEBUG_INFO = NO;
				MTL_FAST_MATH = YES;
				SDKROOT = iphoneos;
				SWIFT_COMPILATION_MODE = wholemodule;
				SWIFT_OPTIMIZATION_LEVEL = "-O";
				VALIDATE_PRODUCT = YES;
			};
			name = Release;
		};
		5A28FFDC2A17A9060068D3FD /* Debug */ = {
			isa = XCBuildConfiguration;
			buildSettings = {
				ASSETCATALOG_COMPILER_APPICON_NAME = AppIcon;
				ASSETCATALOG_COMPILER_GLOBAL_ACCENT_COLOR_NAME = AccentColor;
				CODE_SIGN_STYLE = Automatic;
				CURRENT_PROJECT_VERSION = 1;
				DEVELOPMENT_ASSET_PATHS = "\"Zingo/Preview Content\"";
				DEVELOPMENT_TEAM = 92PU6D6MCQ;
				ENABLE_PREVIEWS = YES;
				GENERATE_INFOPLIST_FILE = YES;
				INFOPLIST_KEY_UIApplicationSceneManifest_Generation = YES;
				INFOPLIST_KEY_UIApplicationSupportsIndirectInputEvents = YES;
				INFOPLIST_KEY_UILaunchScreen_Generation = YES;
				INFOPLIST_KEY_UISupportedInterfaceOrientations_iPad = "UIInterfaceOrientationPortrait UIInterfaceOrientationPortraitUpsideDown UIInterfaceOrientationLandscapeLeft UIInterfaceOrientationLandscapeRight";
				INFOPLIST_KEY_UISupportedInterfaceOrientations_iPhone = "UIInterfaceOrientationPortrait UIInterfaceOrientationLandscapeLeft UIInterfaceOrientationLandscapeRight";
				LD_RUNPATH_SEARCH_PATHS = (
					"$(inherited)",
					"@executable_path/Frameworks",
				);
				MARKETING_VERSION = 1.0;
				PRODUCT_BUNDLE_IDENTIFIER = com.BogdanZyk.Zingo;
				PRODUCT_NAME = "$(TARGET_NAME)";
				SWIFT_EMIT_LOC_STRINGS = YES;
				SWIFT_VERSION = 5.0;
				TARGETED_DEVICE_FAMILY = "1,2";
			};
			name = Debug;
		};
		5A28FFDD2A17A9060068D3FD /* Release */ = {
			isa = XCBuildConfiguration;
			buildSettings = {
				ASSETCATALOG_COMPILER_APPICON_NAME = AppIcon;
				ASSETCATALOG_COMPILER_GLOBAL_ACCENT_COLOR_NAME = AccentColor;
				CODE_SIGN_STYLE = Automatic;
				CURRENT_PROJECT_VERSION = 1;
				DEVELOPMENT_ASSET_PATHS = "\"Zingo/Preview Content\"";
				DEVELOPMENT_TEAM = 92PU6D6MCQ;
				ENABLE_PREVIEWS = YES;
				GENERATE_INFOPLIST_FILE = YES;
				INFOPLIST_KEY_UIApplicationSceneManifest_Generation = YES;
				INFOPLIST_KEY_UIApplicationSupportsIndirectInputEvents = YES;
				INFOPLIST_KEY_UILaunchScreen_Generation = YES;
				INFOPLIST_KEY_UISupportedInterfaceOrientations_iPad = "UIInterfaceOrientationPortrait UIInterfaceOrientationPortraitUpsideDown UIInterfaceOrientationLandscapeLeft UIInterfaceOrientationLandscapeRight";
				INFOPLIST_KEY_UISupportedInterfaceOrientations_iPhone = "UIInterfaceOrientationPortrait UIInterfaceOrientationLandscapeLeft UIInterfaceOrientationLandscapeRight";
				LD_RUNPATH_SEARCH_PATHS = (
					"$(inherited)",
					"@executable_path/Frameworks",
				);
				MARKETING_VERSION = 1.0;
				PRODUCT_BUNDLE_IDENTIFIER = com.BogdanZyk.Zingo;
				PRODUCT_NAME = "$(TARGET_NAME)";
				SWIFT_EMIT_LOC_STRINGS = YES;
				SWIFT_VERSION = 5.0;
				TARGETED_DEVICE_FAMILY = "1,2";
			};
			name = Release;
		};
/* End XCBuildConfiguration section */

/* Begin XCConfigurationList section */
		5A28FFC82A17A9040068D3FD /* Build configuration list for PBXProject "Zingo" */ = {
			isa = XCConfigurationList;
			buildConfigurations = (
				5A28FFD92A17A9060068D3FD /* Debug */,
				5A28FFDA2A17A9060068D3FD /* Release */,
			);
			defaultConfigurationIsVisible = 0;
			defaultConfigurationName = Release;
		};
		5A28FFDB2A17A9060068D3FD /* Build configuration list for PBXNativeTarget "Zingo" */ = {
			isa = XCConfigurationList;
			buildConfigurations = (
				5A28FFDC2A17A9060068D3FD /* Debug */,
				5A28FFDD2A17A9060068D3FD /* Release */,
			);
			defaultConfigurationIsVisible = 0;
			defaultConfigurationName = Release;
		};
/* End XCConfigurationList section */
	};
	rootObject = 5A28FFC52A17A9040068D3FD /* Project object */;
}
