// !$*UTF8*$!
{
	archiveVersion = 1;
	classes = {
	};
	objectVersion = 56;
	objects = {

/* Begin PBXBuildFile section */
		5A2800002A17C3F10068D3FD /* NukeUI in Frameworks */ = {isa = PBXBuildFile; productRef = 5A28FFFF2A17C3F10068D3FD /* NukeUI */; };
		5A28FFD12A17A9040068D3FD /* ZingoApp.swift in Sources */ = {isa = PBXBuildFile; fileRef = 5A28FFD02A17A9040068D3FD /* ZingoApp.swift */; };
		5A28FFD32A17A9040068D3FD /* ContentView.swift in Sources */ = {isa = PBXBuildFile; fileRef = 5A28FFD22A17A9040068D3FD /* ContentView.swift */; };
		5A28FFD52A17A9060068D3FD /* Assets.xcassets in Resources */ = {isa = PBXBuildFile; fileRef = 5A28FFD42A17A9060068D3FD /* Assets.xcassets */; };
		5A28FFD82A17A9060068D3FD /* Preview Assets.xcassets in Resources */ = {isa = PBXBuildFile; fileRef = 5A28FFD72A17A9060068D3FD /* Preview Assets.xcassets */; };
		5A28FFEE2A17AC570068D3FD /* TabViewContainer.swift in Sources */ = {isa = PBXBuildFile; fileRef = 5A28FFED2A17AC570068D3FD /* TabViewContainer.swift */; };
		5A28FFF12A17ADFA0068D3FD /* Router.swift in Sources */ = {isa = PBXBuildFile; fileRef = 5A28FFF02A17ADFA0068D3FD /* Router.swift */; };
		5A28FFF32A17B2BE0068D3FD /* Color.swift in Sources */ = {isa = PBXBuildFile; fileRef = 5A28FFF22A17B2BE0068D3FD /* Color.swift */; };
		5A28FFF52A17B7A00068D3FD /* View.swift in Sources */ = {isa = PBXBuildFile; fileRef = 5A28FFF42A17B7A00068D3FD /* View.swift */; };
		5A28FFF82A17BD660068D3FD /* PrimaryButtonView.swift in Sources */ = {isa = PBXBuildFile; fileRef = 5A28FFF72A17BD660068D3FD /* PrimaryButtonView.swift */; };
		5A28FFFA2A17C3100068D3FD /* ProfileView.swift in Sources */ = {isa = PBXBuildFile; fileRef = 5A28FFF92A17C3100068D3FD /* ProfileView.swift */; };
		5A28FFFD2A17C3910068D3FD /* LazyNukeImage.swift in Sources */ = {isa = PBXBuildFile; fileRef = 5A28FFFC2A17C3910068D3FD /* LazyNukeImage.swift */; };
		5A4BAD932A1B58DE0009CD12 /* ProfileViewModel.swift in Sources */ = {isa = PBXBuildFile; fileRef = 5A4BAD922A1B58DE0009CD12 /* ProfileViewModel.swift */; };
		5A4BAD952A1B5B260009CD12 /* IconButton.swift in Sources */ = {isa = PBXBuildFile; fileRef = 5A4BAD942A1B5B260009CD12 /* IconButton.swift */; };
		5A4BAD972A1B5BE70009CD12 /* Image.swift in Sources */ = {isa = PBXBuildFile; fileRef = 5A4BAD962A1B5BE70009CD12 /* Image.swift */; };
		5A4BAD9A2A1B5DA60009CD12 /* Icon.swift in Sources */ = {isa = PBXBuildFile; fileRef = 5A4BAD992A1B5DA60009CD12 /* Icon.swift */; };
		5A4BAD9C2A1B623A0009CD12 /* HomeView.swift in Sources */ = {isa = PBXBuildFile; fileRef = 5A4BAD9B2A1B623A0009CD12 /* HomeView.swift */; };
		5A4BAD9E2A1B62C50009CD12 /* PostView.swift in Sources */ = {isa = PBXBuildFile; fileRef = 5A4BAD9D2A1B62C50009CD12 /* PostView.swift */; };
		5A4BADA12A1B6FB80009CD12 /* TextFieldView.swift in Sources */ = {isa = PBXBuildFile; fileRef = 5A4BADA02A1B6FB80009CD12 /* TextFieldView.swift */; };
		5A4BADA32A1B745F0009CD12 /* LoginView.swift in Sources */ = {isa = PBXBuildFile; fileRef = 5A4BADA22A1B745F0009CD12 /* LoginView.swift */; };
		5A4BADA52A1B75420009CD12 /* AuthenticationViewModel.swift in Sources */ = {isa = PBXBuildFile; fileRef = 5A4BADA42A1B75420009CD12 /* AuthenticationViewModel.swift */; };
		5A4BADAA2A1B7A5E0009CD12 /* User.swift in Sources */ = {isa = PBXBuildFile; fileRef = 5A4BADA92A1B7A5E0009CD12 /* User.swift */; };
		5A4BADAC2A1B7CBB0009CD12 /* Post.swift in Sources */ = {isa = PBXBuildFile; fileRef = 5A4BADAB2A1B7CBB0009CD12 /* Post.swift */; };
		5A4BADAE2A1B81340009CD12 /* Date.swift in Sources */ = {isa = PBXBuildFile; fileRef = 5A4BADAD2A1B81340009CD12 /* Date.swift */; };
		5A4BADB02A1B86A70009CD12 /* PostEditorView.swift in Sources */ = {isa = PBXBuildFile; fileRef = 5A4BADAF2A1B86A70009CD12 /* PostEditorView.swift */; };
		5A4BADB22A1B88AB0009CD12 /* GoogleService-Info.plist in Resources */ = {isa = PBXBuildFile; fileRef = 5A4BADB12A1B88AB0009CD12 /* GoogleService-Info.plist */; };
		5A4BADB52A1B893C0009CD12 /* FirebaseAuth in Frameworks */ = {isa = PBXBuildFile; productRef = 5A4BADB42A1B893C0009CD12 /* FirebaseAuth */; };
		5A4BADB72A1B893C0009CD12 /* FirebaseFirestore in Frameworks */ = {isa = PBXBuildFile; productRef = 5A4BADB62A1B893C0009CD12 /* FirebaseFirestore */; };
		5A4BADB92A1B893C0009CD12 /* FirebaseFirestoreSwift in Frameworks */ = {isa = PBXBuildFile; productRef = 5A4BADB82A1B893C0009CD12 /* FirebaseFirestoreSwift */; };
		5A4BADBB2A1B893C0009CD12 /* FirebaseStorage in Frameworks */ = {isa = PBXBuildFile; productRef = 5A4BADBA2A1B893C0009CD12 /* FirebaseStorage */; };
		5A4BADBD2A1B89630009CD12 /* AppDelegate.swift in Sources */ = {isa = PBXBuildFile; fileRef = 5A4BADBC2A1B89630009CD12 /* AppDelegate.swift */; };
		5A4BADC02A1B8B6F0009CD12 /* AuthenticationManager.swift in Sources */ = {isa = PBXBuildFile; fileRef = 5A4BADBF2A1B8B6F0009CD12 /* AuthenticationManager.swift */; };
		5A4BADC22A1B8BE00009CD12 /* UserService.swift in Sources */ = {isa = PBXBuildFile; fileRef = 5A4BADC12A1B8BE00009CD12 /* UserService.swift */; };
		5A4BADC42A1B915A0009CD12 /* AppError.swift in Sources */ = {isa = PBXBuildFile; fileRef = 5A4BADC32A1B915A0009CD12 /* AppError.swift */; };
		5A4BADC62A1B98B70009CD12 /* CancelBag.swift in Sources */ = {isa = PBXBuildFile; fileRef = 5A4BADC52A1B98B70009CD12 /* CancelBag.swift */; };
		5A4BADC82A1B99630009CD12 /* Tab.swift in Sources */ = {isa = PBXBuildFile; fileRef = 5A4BADC72A1B99630009CD12 /* Tab.swift */; };
		5A4BADCA2A1B9EEB0009CD12 /* String.swift in Sources */ = {isa = PBXBuildFile; fileRef = 5A4BADC92A1B9EEB0009CD12 /* String.swift */; };
		5A4BADCE2A1BA3ED0009CD12 /* CreateUserFlowView.swift in Sources */ = {isa = PBXBuildFile; fileRef = 5A4BADCD2A1BA3EC0009CD12 /* CreateUserFlowView.swift */; };
		5A4BADD02A1BAAA00009CD12 /* ErrorHandler.swift in Sources */ = {isa = PBXBuildFile; fileRef = 5A4BADCF2A1BAAA00009CD12 /* ErrorHandler.swift */; };
		5A4BADD22A1BB1E70009CD12 /* Query.swift in Sources */ = {isa = PBXBuildFile; fileRef = 5A4BADD12A1BB1E70009CD12 /* Query.swift */; };
		5A4BADD42A1BB6400009CD12 /* UserAvatarView.swift in Sources */ = {isa = PBXBuildFile; fileRef = 5A4BADD32A1BB6400009CD12 /* UserAvatarView.swift */; };
		5A4BADD62A1BBBB20009CD12 /* ImagePicker.swift in Sources */ = {isa = PBXBuildFile; fileRef = 5A4BADD52A1BBBB20009CD12 /* ImagePicker.swift */; };
/* End PBXBuildFile section */

/* Begin PBXFileReference section */
		5A28FFCD2A17A9040068D3FD /* Zingo.app */ = {isa = PBXFileReference; explicitFileType = wrapper.application; includeInIndex = 0; path = Zingo.app; sourceTree = BUILT_PRODUCTS_DIR; };
		5A28FFD02A17A9040068D3FD /* ZingoApp.swift */ = {isa = PBXFileReference; lastKnownFileType = sourcecode.swift; path = ZingoApp.swift; sourceTree = "<group>"; };
		5A28FFD22A17A9040068D3FD /* ContentView.swift */ = {isa = PBXFileReference; lastKnownFileType = sourcecode.swift; path = ContentView.swift; sourceTree = "<group>"; };
		5A28FFD42A17A9060068D3FD /* Assets.xcassets */ = {isa = PBXFileReference; lastKnownFileType = folder.assetcatalog; path = Assets.xcassets; sourceTree = "<group>"; };
		5A28FFD72A17A9060068D3FD /* Preview Assets.xcassets */ = {isa = PBXFileReference; lastKnownFileType = folder.assetcatalog; path = "Preview Assets.xcassets"; sourceTree = "<group>"; };
		5A28FFED2A17AC570068D3FD /* TabViewContainer.swift */ = {isa = PBXFileReference; lastKnownFileType = sourcecode.swift; path = TabViewContainer.swift; sourceTree = "<group>"; };
		5A28FFF02A17ADFA0068D3FD /* Router.swift */ = {isa = PBXFileReference; lastKnownFileType = sourcecode.swift; path = Router.swift; sourceTree = "<group>"; };
		5A28FFF22A17B2BE0068D3FD /* Color.swift */ = {isa = PBXFileReference; lastKnownFileType = sourcecode.swift; path = Color.swift; sourceTree = "<group>"; };
		5A28FFF42A17B7A00068D3FD /* View.swift */ = {isa = PBXFileReference; lastKnownFileType = sourcecode.swift; path = View.swift; sourceTree = "<group>"; };
		5A28FFF72A17BD660068D3FD /* PrimaryButtonView.swift */ = {isa = PBXFileReference; lastKnownFileType = sourcecode.swift; path = PrimaryButtonView.swift; sourceTree = "<group>"; };
		5A28FFF92A17C3100068D3FD /* ProfileView.swift */ = {isa = PBXFileReference; lastKnownFileType = sourcecode.swift; path = ProfileView.swift; sourceTree = "<group>"; };
		5A28FFFC2A17C3910068D3FD /* LazyNukeImage.swift */ = {isa = PBXFileReference; lastKnownFileType = sourcecode.swift; path = LazyNukeImage.swift; sourceTree = "<group>"; };
		5A4BAD922A1B58DE0009CD12 /* ProfileViewModel.swift */ = {isa = PBXFileReference; lastKnownFileType = sourcecode.swift; path = ProfileViewModel.swift; sourceTree = "<group>"; };
		5A4BAD942A1B5B260009CD12 /* IconButton.swift */ = {isa = PBXFileReference; lastKnownFileType = sourcecode.swift; path = IconButton.swift; sourceTree = "<group>"; };
		5A4BAD962A1B5BE70009CD12 /* Image.swift */ = {isa = PBXFileReference; lastKnownFileType = sourcecode.swift; path = Image.swift; sourceTree = "<group>"; };
		5A4BAD992A1B5DA60009CD12 /* Icon.swift */ = {isa = PBXFileReference; lastKnownFileType = sourcecode.swift; path = Icon.swift; sourceTree = "<group>"; };
		5A4BAD9B2A1B623A0009CD12 /* HomeView.swift */ = {isa = PBXFileReference; lastKnownFileType = sourcecode.swift; path = HomeView.swift; sourceTree = "<group>"; };
		5A4BAD9D2A1B62C50009CD12 /* PostView.swift */ = {isa = PBXFileReference; lastKnownFileType = sourcecode.swift; path = PostView.swift; sourceTree = "<group>"; };
		5A4BADA02A1B6FB80009CD12 /* TextFieldView.swift */ = {isa = PBXFileReference; lastKnownFileType = sourcecode.swift; path = TextFieldView.swift; sourceTree = "<group>"; };
		5A4BADA22A1B745F0009CD12 /* LoginView.swift */ = {isa = PBXFileReference; lastKnownFileType = sourcecode.swift; path = LoginView.swift; sourceTree = "<group>"; };
		5A4BADA42A1B75420009CD12 /* AuthenticationViewModel.swift */ = {isa = PBXFileReference; lastKnownFileType = sourcecode.swift; path = AuthenticationViewModel.swift; sourceTree = "<group>"; };
		5A4BADA92A1B7A5E0009CD12 /* User.swift */ = {isa = PBXFileReference; lastKnownFileType = sourcecode.swift; path = User.swift; sourceTree = "<group>"; };
		5A4BADAB2A1B7CBB0009CD12 /* Post.swift */ = {isa = PBXFileReference; lastKnownFileType = sourcecode.swift; path = Post.swift; sourceTree = "<group>"; };
		5A4BADAD2A1B81340009CD12 /* Date.swift */ = {isa = PBXFileReference; lastKnownFileType = sourcecode.swift; path = Date.swift; sourceTree = "<group>"; };
		5A4BADAF2A1B86A70009CD12 /* PostEditorView.swift */ = {isa = PBXFileReference; lastKnownFileType = sourcecode.swift; path = PostEditorView.swift; sourceTree = "<group>"; };
		5A4BADB12A1B88AB0009CD12 /* GoogleService-Info.plist */ = {isa = PBXFileReference; fileEncoding = 4; lastKnownFileType = text.plist.xml; path = "GoogleService-Info.plist"; sourceTree = "<group>"; };
		5A4BADBC2A1B89630009CD12 /* AppDelegate.swift */ = {isa = PBXFileReference; lastKnownFileType = sourcecode.swift; path = AppDelegate.swift; sourceTree = "<group>"; };
		5A4BADBF2A1B8B6F0009CD12 /* AuthenticationManager.swift */ = {isa = PBXFileReference; lastKnownFileType = sourcecode.swift; path = AuthenticationManager.swift; sourceTree = "<group>"; };
		5A4BADC12A1B8BE00009CD12 /* UserService.swift */ = {isa = PBXFileReference; lastKnownFileType = sourcecode.swift; path = UserService.swift; sourceTree = "<group>"; };
		5A4BADC32A1B915A0009CD12 /* AppError.swift */ = {isa = PBXFileReference; lastKnownFileType = sourcecode.swift; path = AppError.swift; sourceTree = "<group>"; };
		5A4BADC52A1B98B70009CD12 /* CancelBag.swift */ = {isa = PBXFileReference; lastKnownFileType = sourcecode.swift; path = CancelBag.swift; sourceTree = "<group>"; };
		5A4BADC72A1B99630009CD12 /* Tab.swift */ = {isa = PBXFileReference; lastKnownFileType = sourcecode.swift; path = Tab.swift; sourceTree = "<group>"; };
		5A4BADC92A1B9EEB0009CD12 /* String.swift */ = {isa = PBXFileReference; lastKnownFileType = sourcecode.swift; path = String.swift; sourceTree = "<group>"; };
		5A4BADCD2A1BA3EC0009CD12 /* CreateUserFlowView.swift */ = {isa = PBXFileReference; lastKnownFileType = sourcecode.swift; path = CreateUserFlowView.swift; sourceTree = "<group>"; };
		5A4BADCF2A1BAAA00009CD12 /* ErrorHandler.swift */ = {isa = PBXFileReference; lastKnownFileType = sourcecode.swift; path = ErrorHandler.swift; sourceTree = "<group>"; };
		5A4BADD12A1BB1E70009CD12 /* Query.swift */ = {isa = PBXFileReference; lastKnownFileType = sourcecode.swift; path = Query.swift; sourceTree = "<group>"; };
		5A4BADD32A1BB6400009CD12 /* UserAvatarView.swift */ = {isa = PBXFileReference; lastKnownFileType = sourcecode.swift; path = UserAvatarView.swift; sourceTree = "<group>"; };
		5A4BADD52A1BBBB20009CD12 /* ImagePicker.swift */ = {isa = PBXFileReference; lastKnownFileType = sourcecode.swift; path = ImagePicker.swift; sourceTree = "<group>"; };
/* End PBXFileReference section */

/* Begin PBXFrameworksBuildPhase section */
		5A28FFCA2A17A9040068D3FD /* Frameworks */ = {
			isa = PBXFrameworksBuildPhase;
			buildActionMask = 2147483647;
			files = (
				5A2800002A17C3F10068D3FD /* NukeUI in Frameworks */,
				5A4BADB52A1B893C0009CD12 /* FirebaseAuth in Frameworks */,
				5A4BADB72A1B893C0009CD12 /* FirebaseFirestore in Frameworks */,
				5A4BADBB2A1B893C0009CD12 /* FirebaseStorage in Frameworks */,
				5A4BADB92A1B893C0009CD12 /* FirebaseFirestoreSwift in Frameworks */,
			);
			runOnlyForDeploymentPostprocessing = 0;
		};
/* End PBXFrameworksBuildPhase section */

/* Begin PBXGroup section */
		5A28FFC42A17A9040068D3FD = {
			isa = PBXGroup;
			children = (
				5A28FFCF2A17A9040068D3FD /* Zingo */,
				5A28FFCE2A17A9040068D3FD /* Products */,
			);
			sourceTree = "<group>";
		};
		5A28FFCE2A17A9040068D3FD /* Products */ = {
			isa = PBXGroup;
			children = (
				5A28FFCD2A17A9040068D3FD /* Zingo.app */,
			);
			name = Products;
			sourceTree = "<group>";
		};
		5A28FFCF2A17A9040068D3FD /* Zingo */ = {
			isa = PBXGroup;
			children = (
				5A4BADB12A1B88AB0009CD12 /* GoogleService-Info.plist */,
				5A28FFE22A17AAB10068D3FD /* App */,
				5A28FFEF2A17ADD80068D3FD /* Env */,
				5A4BADBE2A1B8B520009CD12 /* Services */,
				5A28FFE42A17AB150068D3FD /* Utils */,
				5A28FFE32A17AADE0068D3FD /* Model */,
				5A28FFDE2A17A9130068D3FD /* Core */,
				5A28FFD42A17A9060068D3FD /* Assets.xcassets */,
				5A28FFD62A17A9060068D3FD /* Preview Content */,
			);
			path = Zingo;
			sourceTree = "<group>";
		};
		5A28FFD62A17A9060068D3FD /* Preview Content */ = {
			isa = PBXGroup;
			children = (
				5A28FFD72A17A9060068D3FD /* Preview Assets.xcassets */,
			);
			path = "Preview Content";
			sourceTree = "<group>";
		};
		5A28FFDE2A17A9130068D3FD /* Core */ = {
			isa = PBXGroup;
			children = (
				5A28FFEC2A17AC430068D3FD /* TabViewContainer */,
				5A28FFE62A17AB420068D3FD /* Authentication */,
				5A28FFEB2A17AC050068D3FD /* PostEditor */,
				5A28FFEA2A17ABED0068D3FD /* Profile */,
				5A28FFE92A17ABDE0068D3FD /* Notifications */,
				5A28FFE82A17ABD70068D3FD /* Search */,
				5A28FFE72A17AB5D0068D3FD /* Home */,
				5A28FFE02A17A9220068D3FD /* ViewComponens */,
			);
			path = Core;
			sourceTree = "<group>";
		};
		5A28FFE02A17A9220068D3FD /* ViewComponens */ = {
			isa = PBXGroup;
			children = (
				5A4BAD9F2A1B6FA60009CD12 /* TextFields */,
				5A28FFFB2A17C3750068D3FD /* NukeImage */,
				5A28FFF62A17BD4B0068D3FD /* Buttons */,
				5A4BADCF2A1BAAA00009CD12 /* ErrorHandler.swift */,
				5A4BADD32A1BB6400009CD12 /* UserAvatarView.swift */,
				5A4BADD52A1BBBB20009CD12 /* ImagePicker.swift */,
			);
			path = ViewComponens;
			sourceTree = "<group>";
		};
		5A28FFE12A17AA9E0068D3FD /* Extensions */ = {
			isa = PBXGroup;
			children = (
				5A28FFF22A17B2BE0068D3FD /* Color.swift */,
				5A28FFF42A17B7A00068D3FD /* View.swift */,
				5A4BAD962A1B5BE70009CD12 /* Image.swift */,
				5A4BADAD2A1B81340009CD12 /* Date.swift */,
				5A4BADC92A1B9EEB0009CD12 /* String.swift */,
				5A4BADD12A1BB1E70009CD12 /* Query.swift */,
			);
			path = Extensions;
			sourceTree = "<group>";
		};
		5A28FFE22A17AAB10068D3FD /* App */ = {
			isa = PBXGroup;
			children = (
				5A28FFD02A17A9040068D3FD /* ZingoApp.swift */,
				5A28FFD22A17A9040068D3FD /* ContentView.swift */,
				5A4BADBC2A1B89630009CD12 /* AppDelegate.swift */,
			);
			path = App;
			sourceTree = "<group>";
		};
		5A28FFE32A17AADE0068D3FD /* Model */ = {
			isa = PBXGroup;
			children = (
				5A4BADA92A1B7A5E0009CD12 /* User.swift */,
				5A4BADAB2A1B7CBB0009CD12 /* Post.swift */,
				5A4BADC72A1B99630009CD12 /* Tab.swift */,
			);
			path = Model;
			sourceTree = "<group>";
		};
		5A28FFE42A17AB150068D3FD /* Utils */ = {
			isa = PBXGroup;
			children = (
				5A4BAD982A1B5D990009CD12 /* Style */,
				5A28FFE52A17AB190068D3FD /* Services */,
				5A28FFE12A17AA9E0068D3FD /* Extensions */,
			);
			path = Utils;
			sourceTree = "<group>";
		};
		5A28FFE52A17AB190068D3FD /* Services */ = {
			isa = PBXGroup;
			children = (
			);
			path = Services;
			sourceTree = "<group>";
		};
		5A28FFE62A17AB420068D3FD /* Authentication */ = {
			isa = PBXGroup;
			children = (
				5A4BADA22A1B745F0009CD12 /* LoginView.swift */,
				5A4BADA42A1B75420009CD12 /* AuthenticationViewModel.swift */,
				5A4BADCD2A1BA3EC0009CD12 /* CreateUserFlowView.swift */,
			);
			path = Authentication;
			sourceTree = "<group>";
		};
		5A28FFE72A17AB5D0068D3FD /* Home */ = {
			isa = PBXGroup;
			children = (
				5A4BAD9B2A1B623A0009CD12 /* HomeView.swift */,
				5A4BAD9D2A1B62C50009CD12 /* PostView.swift */,
			);
			path = Home;
			sourceTree = "<group>";
		};
		5A28FFE82A17ABD70068D3FD /* Search */ = {
			isa = PBXGroup;
			children = (
			);
			path = Search;
			sourceTree = "<group>";
		};
		5A28FFE92A17ABDE0068D3FD /* Notifications */ = {
			isa = PBXGroup;
			children = (
			);
			path = Notifications;
			sourceTree = "<group>";
		};
		5A28FFEA2A17ABED0068D3FD /* Profile */ = {
			isa = PBXGroup;
			children = (
				5A28FFF92A17C3100068D3FD /* ProfileView.swift */,
				5A4BAD922A1B58DE0009CD12 /* ProfileViewModel.swift */,
			);
			path = Profile;
			sourceTree = "<group>";
		};
		5A28FFEB2A17AC050068D3FD /* PostEditor */ = {
			isa = PBXGroup;
			children = (
				5A4BADAF2A1B86A70009CD12 /* PostEditorView.swift */,
			);
			path = PostEditor;
			sourceTree = "<group>";
		};
		5A28FFEC2A17AC430068D3FD /* TabViewContainer */ = {
			isa = PBXGroup;
			children = (
				5A28FFED2A17AC570068D3FD /* TabViewContainer.swift */,
			);
			path = TabViewContainer;
			sourceTree = "<group>";
		};
		5A28FFEF2A17ADD80068D3FD /* Env */ = {
			isa = PBXGroup;
			children = (
				5A28FFF02A17ADFA0068D3FD /* Router.swift */,
				5A4BADC32A1B915A0009CD12 /* AppError.swift */,
				5A4BADC52A1B98B70009CD12 /* CancelBag.swift */,
			);
			path = Env;
			sourceTree = "<group>";
		};
		5A28FFF62A17BD4B0068D3FD /* Buttons */ = {
			isa = PBXGroup;
			children = (
				5A28FFF72A17BD660068D3FD /* PrimaryButtonView.swift */,
				5A4BAD942A1B5B260009CD12 /* IconButton.swift */,
			);
			path = Buttons;
			sourceTree = "<group>";
		};
		5A28FFFB2A17C3750068D3FD /* NukeImage */ = {
			isa = PBXGroup;
			children = (
				5A28FFFC2A17C3910068D3FD /* LazyNukeImage.swift */,
			);
			path = NukeImage;
			sourceTree = "<group>";
		};
		5A4BAD982A1B5D990009CD12 /* Style */ = {
			isa = PBXGroup;
			children = (
				5A4BAD992A1B5DA60009CD12 /* Icon.swift */,
			);
			path = Style;
			sourceTree = "<group>";
		};
		5A4BAD9F2A1B6FA60009CD12 /* TextFields */ = {
			isa = PBXGroup;
			children = (
				5A4BADA02A1B6FB80009CD12 /* TextFieldView.swift */,
			);
			path = TextFields;
			sourceTree = "<group>";
		};
		5A4BADBE2A1B8B520009CD12 /* Services */ = {
			isa = PBXGroup;
			children = (
				5A4BADBF2A1B8B6F0009CD12 /* AuthenticationManager.swift */,
				5A4BADC12A1B8BE00009CD12 /* UserService.swift */,
			);
			path = Services;
			sourceTree = "<group>";
		};
/* End PBXGroup section */

/* Begin PBXNativeTarget section */
		5A28FFCC2A17A9040068D3FD /* Zingo */ = {
			isa = PBXNativeTarget;
			buildConfigurationList = 5A28FFDB2A17A9060068D3FD /* Build configuration list for PBXNativeTarget "Zingo" */;
			buildPhases = (
				5A28FFC92A17A9040068D3FD /* Sources */,
				5A28FFCA2A17A9040068D3FD /* Frameworks */,
				5A28FFCB2A17A9040068D3FD /* Resources */,
			);
			buildRules = (
			);
			dependencies = (
			);
			name = Zingo;
			packageProductDependencies = (
				5A28FFFF2A17C3F10068D3FD /* NukeUI */,
				5A4BADB42A1B893C0009CD12 /* FirebaseAuth */,
				5A4BADB62A1B893C0009CD12 /* FirebaseFirestore */,
				5A4BADB82A1B893C0009CD12 /* FirebaseFirestoreSwift */,
				5A4BADBA2A1B893C0009CD12 /* FirebaseStorage */,
			);
			productName = Zingo;
			productReference = 5A28FFCD2A17A9040068D3FD /* Zingo.app */;
			productType = "com.apple.product-type.application";
		};
/* End PBXNativeTarget section */

/* Begin PBXProject section */
		5A28FFC52A17A9040068D3FD /* Project object */ = {
			isa = PBXProject;
			attributes = {
				BuildIndependentTargetsInParallel = 1;
				LastSwiftUpdateCheck = 1430;
				LastUpgradeCheck = 1430;
				TargetAttributes = {
					5A28FFCC2A17A9040068D3FD = {
						CreatedOnToolsVersion = 14.3;
					};
				};
			};
			buildConfigurationList = 5A28FFC82A17A9040068D3FD /* Build configuration list for PBXProject "Zingo" */;
			compatibilityVersion = "Xcode 14.0";
			developmentRegion = en;
			hasScannedForEncodings = 0;
			knownRegions = (
				en,
				Base,
			);
			mainGroup = 5A28FFC42A17A9040068D3FD;
			packageReferences = (
				5A28FFFE2A17C3F10068D3FD /* XCRemoteSwiftPackageReference "NukeUI" */,
				5A4BADB32A1B893C0009CD12 /* XCRemoteSwiftPackageReference "firebase-ios-sdk" */,
			);
			productRefGroup = 5A28FFCE2A17A9040068D3FD /* Products */;
			projectDirPath = "";
			projectRoot = "";
			targets = (
				5A28FFCC2A17A9040068D3FD /* Zingo */,
			);
		};
/* End PBXProject section */

/* Begin PBXResourcesBuildPhase section */
		5A28FFCB2A17A9040068D3FD /* Resources */ = {
			isa = PBXResourcesBuildPhase;
			buildActionMask = 2147483647;
			files = (
				5A28FFD82A17A9060068D3FD /* Preview Assets.xcassets in Resources */,
				5A28FFD52A17A9060068D3FD /* Assets.xcassets in Resources */,
				5A4BADB22A1B88AB0009CD12 /* GoogleService-Info.plist in Resources */,
			);
			runOnlyForDeploymentPostprocessing = 0;
		};
/* End PBXResourcesBuildPhase section */

/* Begin PBXSourcesBuildPhase section */
		5A28FFC92A17A9040068D3FD /* Sources */ = {
			isa = PBXSourcesBuildPhase;
			buildActionMask = 2147483647;
			files = (
				5A4BADBD2A1B89630009CD12 /* AppDelegate.swift in Sources */,
				5A28FFFD2A17C3910068D3FD /* LazyNukeImage.swift in Sources */,
				5A4BAD9C2A1B623A0009CD12 /* HomeView.swift in Sources */,
				5A4BADD62A1BBBB20009CD12 /* ImagePicker.swift in Sources */,
				5A4BADD02A1BAAA00009CD12 /* ErrorHandler.swift in Sources */,
				5A4BADD42A1BB6400009CD12 /* UserAvatarView.swift in Sources */,
				5A4BADA12A1B6FB80009CD12 /* TextFieldView.swift in Sources */,
				5A4BAD972A1B5BE70009CD12 /* Image.swift in Sources */,
				5A28FFFA2A17C3100068D3FD /* ProfileView.swift in Sources */,
				5A4BADC22A1B8BE00009CD12 /* UserService.swift in Sources */,
				5A28FFF12A17ADFA0068D3FD /* Router.swift in Sources */,
				5A4BADA52A1B75420009CD12 /* AuthenticationViewModel.swift in Sources */,
				5A28FFEE2A17AC570068D3FD /* TabViewContainer.swift in Sources */,
				5A4BADAA2A1B7A5E0009CD12 /* User.swift in Sources */,
				5A4BAD932A1B58DE0009CD12 /* ProfileViewModel.swift in Sources */,
				5A4BADCA2A1B9EEB0009CD12 /* String.swift in Sources */,
				5A28FFF52A17B7A00068D3FD /* View.swift in Sources */,
				5A28FFD32A17A9040068D3FD /* ContentView.swift in Sources */,
				5A4BADC02A1B8B6F0009CD12 /* AuthenticationManager.swift in Sources */,
				5A4BADAC2A1B7CBB0009CD12 /* Post.swift in Sources */,
				5A4BADC82A1B99630009CD12 /* Tab.swift in Sources */,
				5A4BADA32A1B745F0009CD12 /* LoginView.swift in Sources */,
				5A28FFF32A17B2BE0068D3FD /* Color.swift in Sources */,
				5A4BADB02A1B86A70009CD12 /* PostEditorView.swift in Sources */,
				5A4BAD9A2A1B5DA60009CD12 /* Icon.swift in Sources */,
				5A4BADC42A1B915A0009CD12 /* AppError.swift in Sources */,
				5A4BAD952A1B5B260009CD12 /* IconButton.swift in Sources */,
				5A28FFD12A17A9040068D3FD /* ZingoApp.swift in Sources */,
				5A4BADCE2A1BA3ED0009CD12 /* CreateUserFlowView.swift in Sources */,
				5A4BADAE2A1B81340009CD12 /* Date.swift in Sources */,
				5A4BADD22A1BB1E70009CD12 /* Query.swift in Sources */,
				5A4BAD9E2A1B62C50009CD12 /* PostView.swift in Sources */,
				5A4BADC62A1B98B70009CD12 /* CancelBag.swift in Sources */,
				5A28FFF82A17BD660068D3FD /* PrimaryButtonView.swift in Sources */,
			);
			runOnlyForDeploymentPostprocessing = 0;
		};
/* End PBXSourcesBuildPhase section */

/* Begin XCBuildConfiguration section */
		5A28FFD92A17A9060068D3FD /* Debug */ = {
			isa = XCBuildConfiguration;
			buildSettings = {
				ALWAYS_SEARCH_USER_PATHS = NO;
				CLANG_ANALYZER_NONNULL = YES;
				CLANG_ANALYZER_NUMBER_OBJECT_CONVERSION = YES_AGGRESSIVE;
				CLANG_CXX_LANGUAGE_STANDARD = "gnu++20";
				CLANG_ENABLE_MODULES = YES;
				CLANG_ENABLE_OBJC_ARC = YES;
				CLANG_ENABLE_OBJC_WEAK = YES;
				CLANG_WARN_BLOCK_CAPTURE_AUTORELEASING = YES;
				CLANG_WARN_BOOL_CONVERSION = YES;
				CLANG_WARN_COMMA = YES;
				CLANG_WARN_CONSTANT_CONVERSION = YES;
				CLANG_WARN_DEPRECATED_OBJC_IMPLEMENTATIONS = YES;
				CLANG_WARN_DIRECT_OBJC_ISA_USAGE = YES_ERROR;
				CLANG_WARN_DOCUMENTATION_COMMENTS = YES;
				CLANG_WARN_EMPTY_BODY = YES;
				CLANG_WARN_ENUM_CONVERSION = YES;
				CLANG_WARN_INFINITE_RECURSION = YES;
				CLANG_WARN_INT_CONVERSION = YES;
				CLANG_WARN_NON_LITERAL_NULL_CONVERSION = YES;
				CLANG_WARN_OBJC_IMPLICIT_RETAIN_SELF = YES;
				CLANG_WARN_OBJC_LITERAL_CONVERSION = YES;
				CLANG_WARN_OBJC_ROOT_CLASS = YES_ERROR;
				CLANG_WARN_QUOTED_INCLUDE_IN_FRAMEWORK_HEADER = YES;
				CLANG_WARN_RANGE_LOOP_ANALYSIS = YES;
				CLANG_WARN_STRICT_PROTOTYPES = YES;
				CLANG_WARN_SUSPICIOUS_MOVE = YES;
				CLANG_WARN_UNGUARDED_AVAILABILITY = YES_AGGRESSIVE;
				CLANG_WARN_UNREACHABLE_CODE = YES;
				CLANG_WARN__DUPLICATE_METHOD_MATCH = YES;
				COPY_PHASE_STRIP = NO;
				DEBUG_INFORMATION_FORMAT = dwarf;
				ENABLE_STRICT_OBJC_MSGSEND = YES;
				ENABLE_TESTABILITY = YES;
				GCC_C_LANGUAGE_STANDARD = gnu11;
				GCC_DYNAMIC_NO_PIC = NO;
				GCC_NO_COMMON_BLOCKS = YES;
				GCC_OPTIMIZATION_LEVEL = 0;
				GCC_PREPROCESSOR_DEFINITIONS = (
					"DEBUG=1",
					"$(inherited)",
				);
				GCC_WARN_64_TO_32_BIT_CONVERSION = YES;
				GCC_WARN_ABOUT_RETURN_TYPE = YES_ERROR;
				GCC_WARN_UNDECLARED_SELECTOR = YES;
				GCC_WARN_UNINITIALIZED_AUTOS = YES_AGGRESSIVE;
				GCC_WARN_UNUSED_FUNCTION = YES;
				GCC_WARN_UNUSED_VARIABLE = YES;
				IPHONEOS_DEPLOYMENT_TARGET = 16.4;
				MTL_ENABLE_DEBUG_INFO = INCLUDE_SOURCE;
				MTL_FAST_MATH = YES;
				ONLY_ACTIVE_ARCH = YES;
				SDKROOT = iphoneos;
				SWIFT_ACTIVE_COMPILATION_CONDITIONS = DEBUG;
				SWIFT_OPTIMIZATION_LEVEL = "-Onone";
			};
			name = Debug;
		};
		5A28FFDA2A17A9060068D3FD /* Release */ = {
			isa = XCBuildConfiguration;
			buildSettings = {
				ALWAYS_SEARCH_USER_PATHS = NO;
				CLANG_ANALYZER_NONNULL = YES;
				CLANG_ANALYZER_NUMBER_OBJECT_CONVERSION = YES_AGGRESSIVE;
				CLANG_CXX_LANGUAGE_STANDARD = "gnu++20";
				CLANG_ENABLE_MODULES = YES;
				CLANG_ENABLE_OBJC_ARC = YES;
				CLANG_ENABLE_OBJC_WEAK = YES;
				CLANG_WARN_BLOCK_CAPTURE_AUTORELEASING = YES;
				CLANG_WARN_BOOL_CONVERSION = YES;
				CLANG_WARN_COMMA = YES;
				CLANG_WARN_CONSTANT_CONVERSION = YES;
				CLANG_WARN_DEPRECATED_OBJC_IMPLEMENTATIONS = YES;
				CLANG_WARN_DIRECT_OBJC_ISA_USAGE = YES_ERROR;
				CLANG_WARN_DOCUMENTATION_COMMENTS = YES;
				CLANG_WARN_EMPTY_BODY = YES;
				CLANG_WARN_ENUM_CONVERSION = YES;
				CLANG_WARN_INFINITE_RECURSION = YES;
				CLANG_WARN_INT_CONVERSION = YES;
				CLANG_WARN_NON_LITERAL_NULL_CONVERSION = YES;
				CLANG_WARN_OBJC_IMPLICIT_RETAIN_SELF = YES;
				CLANG_WARN_OBJC_LITERAL_CONVERSION = YES;
				CLANG_WARN_OBJC_ROOT_CLASS = YES_ERROR;
				CLANG_WARN_QUOTED_INCLUDE_IN_FRAMEWORK_HEADER = YES;
				CLANG_WARN_RANGE_LOOP_ANALYSIS = YES;
				CLANG_WARN_STRICT_PROTOTYPES = YES;
				CLANG_WARN_SUSPICIOUS_MOVE = YES;
				CLANG_WARN_UNGUARDED_AVAILABILITY = YES_AGGRESSIVE;
				CLANG_WARN_UNREACHABLE_CODE = YES;
				CLANG_WARN__DUPLICATE_METHOD_MATCH = YES;
				COPY_PHASE_STRIP = NO;
				DEBUG_INFORMATION_FORMAT = "dwarf-with-dsym";
				ENABLE_NS_ASSERTIONS = NO;
				ENABLE_STRICT_OBJC_MSGSEND = YES;
				GCC_C_LANGUAGE_STANDARD = gnu11;
				GCC_NO_COMMON_BLOCKS = YES;
				GCC_WARN_64_TO_32_BIT_CONVERSION = YES;
				GCC_WARN_ABOUT_RETURN_TYPE = YES_ERROR;
				GCC_WARN_UNDECLARED_SELECTOR = YES;
				GCC_WARN_UNINITIALIZED_AUTOS = YES_AGGRESSIVE;
				GCC_WARN_UNUSED_FUNCTION = YES;
				GCC_WARN_UNUSED_VARIABLE = YES;
				IPHONEOS_DEPLOYMENT_TARGET = 16.4;
				MTL_ENABLE_DEBUG_INFO = NO;
				MTL_FAST_MATH = YES;
				SDKROOT = iphoneos;
				SWIFT_COMPILATION_MODE = wholemodule;
				SWIFT_OPTIMIZATION_LEVEL = "-O";
				VALIDATE_PRODUCT = YES;
			};
			name = Release;
		};
		5A28FFDC2A17A9060068D3FD /* Debug */ = {
			isa = XCBuildConfiguration;
			buildSettings = {
				ASSETCATALOG_COMPILER_APPICON_NAME = AppIcon;
				ASSETCATALOG_COMPILER_GLOBAL_ACCENT_COLOR_NAME = AccentColor;
				CODE_SIGN_STYLE = Automatic;
				CURRENT_PROJECT_VERSION = 1;
				DEVELOPMENT_ASSET_PATHS = "\"Zingo/Preview Content\"";
				DEVELOPMENT_TEAM = 92PU6D6MCQ;
				ENABLE_PREVIEWS = YES;
				GENERATE_INFOPLIST_FILE = YES;
				INFOPLIST_KEY_UIApplicationSceneManifest_Generation = YES;
				INFOPLIST_KEY_UIApplicationSupportsIndirectInputEvents = YES;
				INFOPLIST_KEY_UILaunchScreen_Generation = YES;
				INFOPLIST_KEY_UISupportedInterfaceOrientations_iPad = "UIInterfaceOrientationPortrait UIInterfaceOrientationPortraitUpsideDown UIInterfaceOrientationLandscapeLeft UIInterfaceOrientationLandscapeRight";
				INFOPLIST_KEY_UISupportedInterfaceOrientations_iPhone = "UIInterfaceOrientationPortrait UIInterfaceOrientationLandscapeLeft UIInterfaceOrientationLandscapeRight";
				LD_RUNPATH_SEARCH_PATHS = (
					"$(inherited)",
					"@executable_path/Frameworks",
				);
				MARKETING_VERSION = 1.0;
				PRODUCT_BUNDLE_IDENTIFIER = com.BogdanZyk.Zingo;
				PRODUCT_NAME = "$(TARGET_NAME)";
				SWIFT_EMIT_LOC_STRINGS = YES;
				SWIFT_VERSION = 5.0;
				TARGETED_DEVICE_FAMILY = "1,2";
			};
			name = Debug;
		};
		5A28FFDD2A17A9060068D3FD /* Release */ = {
			isa = XCBuildConfiguration;
			buildSettings = {
				ASSETCATALOG_COMPILER_APPICON_NAME = AppIcon;
				ASSETCATALOG_COMPILER_GLOBAL_ACCENT_COLOR_NAME = AccentColor;
				CODE_SIGN_STYLE = Automatic;
				CURRENT_PROJECT_VERSION = 1;
				DEVELOPMENT_ASSET_PATHS = "\"Zingo/Preview Content\"";
				DEVELOPMENT_TEAM = 92PU6D6MCQ;
				ENABLE_PREVIEWS = YES;
				GENERATE_INFOPLIST_FILE = YES;
				INFOPLIST_KEY_UIApplicationSceneManifest_Generation = YES;
				INFOPLIST_KEY_UIApplicationSupportsIndirectInputEvents = YES;
				INFOPLIST_KEY_UILaunchScreen_Generation = YES;
				INFOPLIST_KEY_UISupportedInterfaceOrientations_iPad = "UIInterfaceOrientationPortrait UIInterfaceOrientationPortraitUpsideDown UIInterfaceOrientationLandscapeLeft UIInterfaceOrientationLandscapeRight";
				INFOPLIST_KEY_UISupportedInterfaceOrientations_iPhone = "UIInterfaceOrientationPortrait UIInterfaceOrientationLandscapeLeft UIInterfaceOrientationLandscapeRight";
				LD_RUNPATH_SEARCH_PATHS = (
					"$(inherited)",
					"@executable_path/Frameworks",
				);
				MARKETING_VERSION = 1.0;
				PRODUCT_BUNDLE_IDENTIFIER = com.BogdanZyk.Zingo;
				PRODUCT_NAME = "$(TARGET_NAME)";
				SWIFT_EMIT_LOC_STRINGS = YES;
				SWIFT_VERSION = 5.0;
				TARGETED_DEVICE_FAMILY = "1,2";
			};
			name = Release;
		};
/* End XCBuildConfiguration section */

/* Begin XCConfigurationList section */
		5A28FFC82A17A9040068D3FD /* Build configuration list for PBXProject "Zingo" */ = {
			isa = XCConfigurationList;
			buildConfigurations = (
				5A28FFD92A17A9060068D3FD /* Debug */,
				5A28FFDA2A17A9060068D3FD /* Release */,
			);
			defaultConfigurationIsVisible = 0;
			defaultConfigurationName = Release;
		};
		5A28FFDB2A17A9060068D3FD /* Build configuration list for PBXNativeTarget "Zingo" */ = {
			isa = XCConfigurationList;
			buildConfigurations = (
				5A28FFDC2A17A9060068D3FD /* Debug */,
				5A28FFDD2A17A9060068D3FD /* Release */,
			);
			defaultConfigurationIsVisible = 0;
			defaultConfigurationName = Release;
		};
/* End XCConfigurationList section */

/* Begin XCRemoteSwiftPackageReference section */
		5A28FFFE2A17C3F10068D3FD /* XCRemoteSwiftPackageReference "NukeUI" */ = {
			isa = XCRemoteSwiftPackageReference;
			repositoryURL = "https://github.com/kean/NukeUI";
			requirement = {
				kind = upToNextMajorVersion;
				minimumVersion = 0.8.3;
			};
		};
		5A4BADB32A1B893C0009CD12 /* XCRemoteSwiftPackageReference "firebase-ios-sdk" */ = {
			isa = XCRemoteSwiftPackageReference;
			repositoryURL = "https://github.com/firebase/firebase-ios-sdk";
			requirement = {
				kind = upToNextMajorVersion;
				minimumVersion = 10.0.0;
			};
		};
/* End XCRemoteSwiftPackageReference section */

/* Begin XCSwiftPackageProductDependency section */
		5A28FFFF2A17C3F10068D3FD /* NukeUI */ = {
			isa = XCSwiftPackageProductDependency;
			package = 5A28FFFE2A17C3F10068D3FD /* XCRemoteSwiftPackageReference "NukeUI" */;
			productName = NukeUI;
		};
		5A4BADB42A1B893C0009CD12 /* FirebaseAuth */ = {
			isa = XCSwiftPackageProductDependency;
			package = 5A4BADB32A1B893C0009CD12 /* XCRemoteSwiftPackageReference "firebase-ios-sdk" */;
			productName = FirebaseAuth;
		};
		5A4BADB62A1B893C0009CD12 /* FirebaseFirestore */ = {
			isa = XCSwiftPackageProductDependency;
			package = 5A4BADB32A1B893C0009CD12 /* XCRemoteSwiftPackageReference "firebase-ios-sdk" */;
			productName = FirebaseFirestore;
		};
		5A4BADB82A1B893C0009CD12 /* FirebaseFirestoreSwift */ = {
			isa = XCSwiftPackageProductDependency;
			package = 5A4BADB32A1B893C0009CD12 /* XCRemoteSwiftPackageReference "firebase-ios-sdk" */;
			productName = FirebaseFirestoreSwift;
		};
		5A4BADBA2A1B893C0009CD12 /* FirebaseStorage */ = {
			isa = XCSwiftPackageProductDependency;
			package = 5A4BADB32A1B893C0009CD12 /* XCRemoteSwiftPackageReference "firebase-ios-sdk" */;
			productName = FirebaseStorage;
		};
/* End XCSwiftPackageProductDependency section */
	};
	rootObject = 5A28FFC52A17A9040068D3FD /* Project object */;
}
